version: 4
environments:
  default:
    channels:
    - url: https://conda.anaconda.org/conda-forge/
    packages:
      linux-64:
      - conda: https://conda.anaconda.org/conda-forge/linux-64/_libgcc_mutex-0.1-conda_forge.tar.bz2
      - conda: https://conda.anaconda.org/conda-forge/linux-64/_openmp_mutex-4.5-2_gnu.tar.bz2
      - conda: https://conda.anaconda.org/conda-forge/linux-64/binutils_impl_linux-64-2.40-ha885e6a_0.conda
      - conda: https://conda.anaconda.org/conda-forge/linux-64/binutils_linux-64-2.40-hdade7a5_3.conda
      - conda: https://conda.anaconda.org/conda-forge/linux-64/bzip2-1.0.8-hd590300_5.conda
      - conda: https://conda.anaconda.org/conda-forge/linux-64/c-ares-1.28.1-hd590300_0.conda
      - conda: https://conda.anaconda.org/conda-forge/linux-64/ca-certificates-2024.2.2-hbcca054_0.conda
      - conda: https://conda.anaconda.org/conda-forge/linux-64/cmake-3.29.2-hcfe8598_0.conda
      - conda: https://conda.anaconda.org/conda-forge/linux-64/cxx-compiler-1.0.0-hf484d3e_0.tar.bz2
      - conda: https://conda.anaconda.org/conda-forge/linux-64/gcc-13.2.0-hc7bed06_6.conda
      - conda: https://conda.anaconda.org/conda-forge/linux-64/gcc_impl_linux-64-13.2.0-h1d3d475_6.conda
      - conda: https://conda.anaconda.org/conda-forge/linux-64/gcc_linux-64-13.2.0-h1ed452b_3.conda
      - conda: https://conda.anaconda.org/conda-forge/linux-64/gfortran-13.2.0-hc7bed06_6.conda
      - conda: https://conda.anaconda.org/conda-forge/linux-64/gfortran_impl_linux-64-13.2.0-h0a8b748_6.conda
      - conda: https://conda.anaconda.org/conda-forge/linux-64/gxx_impl_linux-64-13.2.0-h1d3d475_6.conda
      - conda: https://conda.anaconda.org/conda-forge/linux-64/gxx_linux-64-13.2.0-he8deefe_3.conda
      - conda: https://conda.anaconda.org/conda-forge/noarch/kernel-headers_linux-64-2.6.32-he073ed8_17.conda
      - conda: https://conda.anaconda.org/conda-forge/linux-64/keyutils-1.6.1-h166bdaf_0.tar.bz2
      - conda: https://conda.anaconda.org/conda-forge/linux-64/krb5-1.21.2-h659d440_0.conda
      - conda: https://conda.anaconda.org/conda-forge/linux-64/ld_impl_linux-64-2.40-h55db66e_0.conda
      - conda: https://conda.anaconda.org/conda-forge/linux-64/libblas-3.9.0-22_linux64_openblas.conda
      - conda: https://conda.anaconda.org/conda-forge/linux-64/libcblas-3.9.0-22_linux64_openblas.conda
      - conda: https://conda.anaconda.org/conda-forge/linux-64/libcurl-8.7.1-hca28451_0.conda
      - conda: https://conda.anaconda.org/conda-forge/linux-64/libedit-3.1.20191231-he28a2e2_2.tar.bz2
      - conda: https://conda.anaconda.org/conda-forge/linux-64/libev-4.33-hd590300_2.conda
      - conda: https://conda.anaconda.org/conda-forge/linux-64/libexpat-2.6.2-h59595ed_0.conda
      - conda: https://conda.anaconda.org/conda-forge/linux-64/libffi-3.4.2-h7f98852_5.tar.bz2
      - conda: https://conda.anaconda.org/conda-forge/noarch/libgcc-devel_linux-64-13.2.0-h95c4c6d_106.conda
      - conda: https://conda.anaconda.org/conda-forge/linux-64/libgcc-ng-13.2.0-hc881cc4_6.conda
      - conda: https://conda.anaconda.org/conda-forge/linux-64/libgfortran-ng-13.2.0-h69a702a_6.conda
      - conda: https://conda.anaconda.org/conda-forge/linux-64/libgfortran5-13.2.0-h43f5ff8_6.conda
      - conda: https://conda.anaconda.org/conda-forge/linux-64/libgomp-13.2.0-hc881cc4_6.conda
      - conda: https://conda.anaconda.org/conda-forge/linux-64/liblapack-3.9.0-22_linux64_openblas.conda
      - conda: https://conda.anaconda.org/conda-forge/linux-64/libnghttp2-1.58.0-h47da74e_1.conda
      - conda: https://conda.anaconda.org/conda-forge/linux-64/libnsl-2.0.1-hd590300_0.conda
      - conda: https://conda.anaconda.org/conda-forge/linux-64/libopenblas-0.3.27-pthreads_h413a1c8_0.conda
      - conda: https://conda.anaconda.org/conda-forge/linux-64/libsanitizer-13.2.0-h95c4c6d_6.conda
      - conda: https://conda.anaconda.org/conda-forge/linux-64/libsqlite-3.45.3-h2797004_0.conda
      - conda: https://conda.anaconda.org/conda-forge/linux-64/libssh2-1.11.0-h0841786_0.conda
      - conda: https://conda.anaconda.org/conda-forge/noarch/libstdcxx-devel_linux-64-13.2.0-h95c4c6d_106.conda
      - conda: https://conda.anaconda.org/conda-forge/linux-64/libstdcxx-ng-13.2.0-h95c4c6d_6.conda
      - conda: https://conda.anaconda.org/conda-forge/linux-64/libuuid-2.38.1-h0b41bf4_0.conda
      - conda: https://conda.anaconda.org/conda-forge/linux-64/libuv-1.48.0-hd590300_0.conda
      - conda: https://conda.anaconda.org/conda-forge/linux-64/libxcrypt-4.4.36-hd590300_1.conda
      - conda: https://conda.anaconda.org/conda-forge/linux-64/libzlib-1.2.13-hd590300_5.conda
      - conda: https://conda.anaconda.org/conda-forge/linux-64/make-4.3-hd18ef5c_1.tar.bz2
      - conda: https://conda.anaconda.org/conda-forge/linux-64/ncurses-6.4.20240210-h59595ed_0.conda
      - conda: https://conda.anaconda.org/conda-forge/linux-64/numpy-1.26.4-py311h64a7726_0.conda
      - conda: https://conda.anaconda.org/conda-forge/linux-64/openssl-3.2.1-hd590300_1.conda
      - conda: https://conda.anaconda.org/conda-forge/linux-64/python-3.11.9-hb806964_0_cpython.conda
      - conda: https://conda.anaconda.org/conda-forge/linux-64/python_abi-3.11-4_cp311.conda
      - conda: https://conda.anaconda.org/conda-forge/linux-64/pyyaml-6.0.1-py311h459d7ec_1.conda
      - conda: https://conda.anaconda.org/conda-forge/linux-64/readline-8.2-h8228510_1.conda
      - conda: https://conda.anaconda.org/conda-forge/linux-64/rhash-1.4.4-hd590300_0.conda
      - conda: https://conda.anaconda.org/conda-forge/noarch/sysroot_linux-64-2.12-he073ed8_17.conda
      - conda: https://conda.anaconda.org/conda-forge/linux-64/tk-8.6.13-noxft_h4845f30_101.conda
      - conda: https://conda.anaconda.org/conda-forge/noarch/tzdata-2024a-h0c530f3_0.conda
      - conda: https://conda.anaconda.org/conda-forge/linux-64/which-2.21-h0b41bf4_1.conda
      - conda: https://conda.anaconda.org/conda-forge/linux-64/xz-5.2.6-h166bdaf_0.tar.bz2
      - conda: https://conda.anaconda.org/conda-forge/linux-64/yaml-0.2.5-h7f98852_2.tar.bz2
      - conda: https://conda.anaconda.org/conda-forge/linux-64/zstd-1.5.5-hfc55251_0.conda
      - pypi: https://files.pythonhosted.org/packages/b8/bd/4382ed07946bb0e59738fc9a7b19de415b2c28f6fd94183d56b7d9e16d00/pyslha-3.2.6.tar.gz
      - pypi: https://files.pythonhosted.org/packages/67/67/0b008d2bc93137701145ccb4745ff7c4026804eb6a030e8fab8ec058c43b/tex2pix-0.3.1.tar.gz
packages:
- kind: conda
  name: _libgcc_mutex
  version: '0.1'
  build: conda_forge
  subdir: linux-64
  url: https://conda.anaconda.org/conda-forge/linux-64/_libgcc_mutex-0.1-conda_forge.tar.bz2
  sha256: fe51de6107f9edc7aa4f786a70f4a883943bc9d39b3bb7307c04c41410990726
  md5: d7c89558ba9fa0495403155b64376d81
  license: None
  size: 2562
  timestamp: 1578324546067
- kind: conda
  name: _openmp_mutex
  version: '4.5'
  build: 2_gnu
  build_number: 16
  subdir: linux-64
  url: https://conda.anaconda.org/conda-forge/linux-64/_openmp_mutex-4.5-2_gnu.tar.bz2
  sha256: fbe2c5e56a653bebb982eda4876a9178aedfc2b545f25d0ce9c4c0b508253d22
  md5: 73aaf86a425cc6e73fcf236a5a46396d
  depends:
  - _libgcc_mutex 0.1 conda_forge
  - libgomp >=7.5.0
  constrains:
  - openmp_impl 9999
  license: BSD-3-Clause
  license_family: BSD
  size: 23621
  timestamp: 1650670423406
- kind: conda
  name: binutils_impl_linux-64
  version: '2.40'
  build: ha885e6a_0
  subdir: linux-64
  url: https://conda.anaconda.org/conda-forge/linux-64/binutils_impl_linux-64-2.40-ha885e6a_0.conda
  sha256: 180b268f207d1481beb9de5c173751d14c429a7226fa9a85941e4a54cf6be1b4
  md5: 800a4c872b5bc06fa83888d112fe6c4f
  depends:
  - ld_impl_linux-64 2.40 h55db66e_0
  - sysroot_linux-64
  license: GPL-3.0-only
  license_family: GPL
  size: 5797310
  timestamp: 1713651250214
- kind: conda
  name: binutils_linux-64
  version: '2.40'
  build: hdade7a5_3
  build_number: 3
  subdir: linux-64
  url: https://conda.anaconda.org/conda-forge/linux-64/binutils_linux-64-2.40-hdade7a5_3.conda
  sha256: d114b825acef51c1d065ca0a17f97e0e856c48765aecf2f8f164935635013dd2
  md5: 2d9a60578bc28469d9aeef9aea5520c3
  depends:
  - binutils_impl_linux-64 2.40.*
  - sysroot_linux-64
  license: BSD-3-Clause
  license_family: BSD
  size: 28868
  timestamp: 1710259805994
- kind: conda
  name: bzip2
  version: 1.0.8
  build: hd590300_5
  build_number: 5
  subdir: linux-64
  url: https://conda.anaconda.org/conda-forge/linux-64/bzip2-1.0.8-hd590300_5.conda
  sha256: 242c0c324507ee172c0e0dd2045814e746bb303d1eb78870d182ceb0abc726a8
  md5: 69b8b6202a07720f448be700e300ccf4
  depends:
  - libgcc-ng >=12
  license: bzip2-1.0.6
  license_family: BSD
  size: 254228
  timestamp: 1699279927352
- kind: conda
  name: c-ares
  version: 1.28.1
  build: hd590300_0
  subdir: linux-64
  url: https://conda.anaconda.org/conda-forge/linux-64/c-ares-1.28.1-hd590300_0.conda
  sha256: cb25063f3342149c7924b21544109696197a9d774f1407567477d4f3026bf38a
  md5: dcde58ff9a1f30b0037a2315d1846d1f
  depends:
  - libgcc-ng >=12
  license: MIT
  license_family: MIT
  size: 168875
  timestamp: 1711819445938
- kind: conda
  name: ca-certificates
  version: 2024.2.2
  build: hbcca054_0
  subdir: linux-64
  url: https://conda.anaconda.org/conda-forge/linux-64/ca-certificates-2024.2.2-hbcca054_0.conda
  sha256: 91d81bfecdbb142c15066df70cc952590ae8991670198f92c66b62019b251aeb
  md5: 2f4327a1cbe7f022401b236e915a5fef
  license: ISC
  size: 155432
  timestamp: 1706843687645
- kind: conda
  name: cmake
  version: 3.29.2
  build: hcfe8598_0
  subdir: linux-64
  url: https://conda.anaconda.org/conda-forge/linux-64/cmake-3.29.2-hcfe8598_0.conda
  sha256: a5de599a96b090fdad9041aa0fdc8ef546b2e36200edb72324e349d4ae01365e
  md5: 7b7ea31d312b491b814f4e7f67de7886
  depends:
  - bzip2 >=1.0.8,<2.0a0
  - libcurl >=8.7.1,<9.0a0
  - libexpat >=2.6.2,<3.0a0
  - libgcc-ng >=12
  - libstdcxx-ng >=12
  - libuv >=1.48.0,<2.0a0
  - libzlib >=1.2.13,<1.3.0a0
  - ncurses >=6.4.20240210,<7.0a0
  - rhash >=1.4.4,<2.0a0
  - xz >=5.2.6,<6.0a0
  - zstd >=1.5.5,<1.6.0a0
  license: BSD-3-Clause
  license_family: BSD
  size: 18993196
  timestamp: 1712872720090
- kind: conda
  name: cxx-compiler
  version: 1.0.0
  build: hf484d3e_0
  subdir: linux-64
  url: https://conda.anaconda.org/conda-forge/linux-64/cxx-compiler-1.0.0-hf484d3e_0.tar.bz2
  sha256: 72a84140fccc64e7941aa19affb86d49734c1f2729f13dedeadd588e4a0a68b4
  md5: 5f1c23fd134564eeb5ee730640168c5a
  depends:
  - gxx_linux-64
  - libgcc-ng >=7.3.0
  - libstdcxx-ng >=7.3.0
  license: BSD
  size: 4573
  timestamp: 1549898421693
- kind: conda
  name: gcc
  version: 13.2.0
  build: hc7bed06_6
  build_number: 6
  subdir: linux-64
  url: https://conda.anaconda.org/conda-forge/linux-64/gcc-13.2.0-hc7bed06_6.conda
  sha256: d65d0b9ecce1270a37fe6b1a7a04aa32ff64884a98990d8ee1d281de65c7a990
  md5: 03bf28815f9911704e77fe201711be6f
  depends:
  - gcc_impl_linux-64 13.2.0.*
  license: BSD-3-Clause
  license_family: BSD
  size: 25872
  timestamp: 1713755290836
- kind: conda
  name: gcc_impl_linux-64
  version: 13.2.0
  build: h1d3d475_6
  build_number: 6
  subdir: linux-64
  url: https://conda.anaconda.org/conda-forge/linux-64/gcc_impl_linux-64-13.2.0-h1d3d475_6.conda
  sha256: 9c0651484a777f524c32196b826b89e09fc5dc8ca4f8b86839f8f7d7d48850ae
  md5: fb523fa3954d16178f7df937af68544f
  depends:
  - binutils_impl_linux-64 >=2.40
  - libgcc-devel_linux-64 13.2.0 h95c4c6d_106
  - libgcc-ng >=13.2.0
  - libgomp >=13.2.0
  - libsanitizer 13.2.0 h95c4c6d_6
  - libstdcxx-ng >=13.2.0
  - sysroot_linux-64
  license: GPL-3.0-only WITH GCC-exception-3.1
  license_family: GPL
  size: 53768088
  timestamp: 1713755155489
- kind: conda
  name: gcc_linux-64
  version: 13.2.0
  build: h1ed452b_3
  build_number: 3
  subdir: linux-64
  url: https://conda.anaconda.org/conda-forge/linux-64/gcc_linux-64-13.2.0-h1ed452b_3.conda
  sha256: 00e99542a7a86ed4d79f19b5f40b99870898663cd1ff0cfa27f83a0b4ff8c7e8
  md5: 0aba5ba9908f419076c59e99ad30e6ee
  depends:
  - binutils_linux-64 2.40 hdade7a5_3
  - gcc_impl_linux-64 13.2.0.*
  - sysroot_linux-64
  license: BSD-3-Clause
  license_family: BSD
  size: 30745
  timestamp: 1710260218568
- kind: conda
  name: gfortran
  version: 13.2.0
  build: hc7bed06_6
  build_number: 6
  subdir: linux-64
  url: https://conda.anaconda.org/conda-forge/linux-64/gfortran-13.2.0-hc7bed06_6.conda
  sha256: c75f01ccd3b3c43e0eea29448f36c7a62fbde3cb159ac03fdc7cd6e68c037144
  md5: 86436ec6956e006ab788f3dab0499752
  depends:
  - gcc 13.2.0.*
  - gcc_impl_linux-64 13.2.0.*
  - gfortran_impl_linux-64 13.2.0.*
  license: BSD-3-Clause
  license_family: BSD
  size: 25347
  timestamp: 1713755510580
- kind: conda
  name: gfortran_impl_linux-64
  version: 13.2.0
  build: h0a8b748_6
  build_number: 6
  subdir: linux-64
  url: https://conda.anaconda.org/conda-forge/linux-64/gfortran_impl_linux-64-13.2.0-h0a8b748_6.conda
  sha256: eb57cf497a1f94b00d1c6a7e5fc48ffa497bdbb9970e9012b10b4334ffd42d11
  md5: 4aa3098203a4c5ba119978e27bafae8b
  depends:
  - gcc_impl_linux-64 >=13.2.0
  - libgcc-ng >=13.2.0
  - libgcc-ng >=4.9
  - libgfortran5 >=13.2.0
  - libstdcxx-ng >=4.9
  - sysroot_linux-64
  license: GPL-3.0-only WITH GCC-exception-3.1
  license_family: GPL
  size: 15615677
  timestamp: 1713755389362
- kind: conda
  name: gxx_impl_linux-64
  version: 13.2.0
  build: h1d3d475_6
  build_number: 6
  subdir: linux-64
  url: https://conda.anaconda.org/conda-forge/linux-64/gxx_impl_linux-64-13.2.0-h1d3d475_6.conda
  sha256: b9336a1ce10c6d7922830811320098742be8e3bea8591adc8fd244a5ea098046
  md5: a7bdc9ce437d0958ebf0d2c7cf09d770
  depends:
  - gcc_impl_linux-64 13.2.0 h1d3d475_6
  - libstdcxx-devel_linux-64 13.2.0 h95c4c6d_106
  - sysroot_linux-64
  license: GPL-3.0-only WITH GCC-exception-3.1
  license_family: GPL
  size: 13577661
  timestamp: 1713755472248
- kind: conda
  name: gxx_linux-64
  version: 13.2.0
  build: he8deefe_3
  build_number: 3
  subdir: linux-64
  url: https://conda.anaconda.org/conda-forge/linux-64/gxx_linux-64-13.2.0-he8deefe_3.conda
  sha256: fa371aa3be10ced94d4837c2264b8c947be79862b4c58baa81e02bbfc77d7160
  md5: 875973f74a462d3fc53b0ac84e218d36
  depends:
  - binutils_linux-64 2.40 hdade7a5_3
  - gcc_linux-64 13.2.0 h1ed452b_3
  - gxx_impl_linux-64 13.2.0.*
  - sysroot_linux-64
  license: BSD-3-Clause
  license_family: BSD
  size: 29121
  timestamp: 1710260301555
- kind: conda
  name: kernel-headers_linux-64
  version: 2.6.32
  build: he073ed8_17
  build_number: 17
  subdir: noarch
  noarch: generic
  url: https://conda.anaconda.org/conda-forge/noarch/kernel-headers_linux-64-2.6.32-he073ed8_17.conda
  sha256: fb39d64b48f3d9d1acc3df208911a41f25b6a00bd54935d5973b4739a9edd5b6
  md5: d731b543793afc0433c4fd593e693fce
  constrains:
  - sysroot_linux-64 ==2.12
  license: LGPL-2.0-or-later AND LGPL-2.0-or-later WITH exceptions AND GPL-2.0-or-later AND MPL-2.0
  license_family: GPL
  size: 710627
  timestamp: 1708000830116
- kind: conda
  name: keyutils
  version: 1.6.1
  build: h166bdaf_0
  subdir: linux-64
  url: https://conda.anaconda.org/conda-forge/linux-64/keyutils-1.6.1-h166bdaf_0.tar.bz2
  sha256: 150c05a6e538610ca7c43beb3a40d65c90537497a4f6a5f4d15ec0451b6f5ebb
  md5: 30186d27e2c9fa62b45fb1476b7200e3
  depends:
  - libgcc-ng >=10.3.0
  license: LGPL-2.1-or-later
  size: 117831
  timestamp: 1646151697040
- kind: conda
  name: krb5
  version: 1.21.2
  build: h659d440_0
  subdir: linux-64
  url: https://conda.anaconda.org/conda-forge/linux-64/krb5-1.21.2-h659d440_0.conda
  sha256: 259bfaae731989b252b7d2228c1330ef91b641c9d68ff87dae02cbae682cb3e4
  md5: cd95826dbd331ed1be26bdf401432844
  depends:
  - keyutils >=1.6.1,<2.0a0
  - libedit >=3.1.20191231,<3.2.0a0
  - libedit >=3.1.20191231,<4.0a0
  - libgcc-ng >=12
  - libstdcxx-ng >=12
  - openssl >=3.1.2,<4.0a0
  license: MIT
  license_family: MIT
  size: 1371181
  timestamp: 1692097755782
- kind: conda
  name: ld_impl_linux-64
  version: '2.40'
  build: h55db66e_0
  subdir: linux-64
  url: https://conda.anaconda.org/conda-forge/linux-64/ld_impl_linux-64-2.40-h55db66e_0.conda
  sha256: ef969eee228cfb71e55146eaecc6af065f468cb0bc0a5239bc053b39db0b5f09
  md5: 10569984e7db886e4f1abc2b47ad79a1
  constrains:
  - binutils_impl_linux-64 2.40
  license: GPL-3.0-only
  license_family: GPL
  size: 713322
  timestamp: 1713651222435
- kind: conda
  name: libblas
  version: 3.9.0
  build: 22_linux64_openblas
  build_number: 22
  subdir: linux-64
  url: https://conda.anaconda.org/conda-forge/linux-64/libblas-3.9.0-22_linux64_openblas.conda
  sha256: 082b8ac20d43a7bbcdc28b3b1cd40e4df3a8b5daf0a2d23d68953a44d2d12c1b
  md5: 1a2a0cd3153464fee6646f3dd6dad9b8
  depends:
  - libopenblas >=0.3.27,<0.3.28.0a0
  - libopenblas >=0.3.27,<1.0a0
  constrains:
  - libcblas 3.9.0 22_linux64_openblas
  - blas * openblas
  - liblapacke 3.9.0 22_linux64_openblas
  - liblapack 3.9.0 22_linux64_openblas
  license: BSD-3-Clause
  license_family: BSD
  size: 14537
  timestamp: 1712542250081
- kind: conda
  name: libcblas
  version: 3.9.0
  build: 22_linux64_openblas
  build_number: 22
  subdir: linux-64
  url: https://conda.anaconda.org/conda-forge/linux-64/libcblas-3.9.0-22_linux64_openblas.conda
  sha256: da1b2faa017663c8f5555c1c5518e96ac4cd8e0be2a673c1c9e2cb8507c8fe46
  md5: 4b31699e0ec5de64d5896e580389c9a1
  depends:
  - libblas 3.9.0 22_linux64_openblas
  constrains:
  - liblapack 3.9.0 22_linux64_openblas
  - blas * openblas
  - liblapacke 3.9.0 22_linux64_openblas
  license: BSD-3-Clause
  license_family: BSD
  size: 14438
  timestamp: 1712542270166
- kind: conda
  name: libcurl
  version: 8.7.1
  build: hca28451_0
  subdir: linux-64
  url: https://conda.anaconda.org/conda-forge/linux-64/libcurl-8.7.1-hca28451_0.conda
  sha256: 82a75e9a5d9ee5b2f487d850ec5d4edc18a56eb9527608a95a916c40baae3843
  md5: 755c7f876815003337d2c61ff5d047e5
  depends:
  - krb5 >=1.21.2,<1.22.0a0
  - libgcc-ng >=12
  - libnghttp2 >=1.58.0,<2.0a0
  - libssh2 >=1.11.0,<2.0a0
  - libzlib >=1.2.13,<1.3.0a0
  - openssl >=3.2.1,<4.0a0
  - zstd >=1.5.5,<1.6.0a0
  license: curl
  license_family: MIT
  size: 398293
  timestamp: 1711548114077
- kind: conda
  name: libedit
  version: 3.1.20191231
  build: he28a2e2_2
  build_number: 2
  subdir: linux-64
  url: https://conda.anaconda.org/conda-forge/linux-64/libedit-3.1.20191231-he28a2e2_2.tar.bz2
  sha256: a57d37c236d8f7c886e01656f4949d9dcca131d2a0728609c6f7fa338b65f1cf
  md5: 4d331e44109e3f0e19b4cb8f9b82f3e1
  depends:
  - libgcc-ng >=7.5.0
  - ncurses >=6.2,<7.0.0a0
  license: BSD-2-Clause
  license_family: BSD
  size: 123878
  timestamp: 1597616541093
- kind: conda
  name: libev
  version: '4.33'
  build: hd590300_2
  build_number: 2
  subdir: linux-64
  url: https://conda.anaconda.org/conda-forge/linux-64/libev-4.33-hd590300_2.conda
  sha256: 1cd6048169fa0395af74ed5d8f1716e22c19a81a8a36f934c110ca3ad4dd27b4
  md5: 172bf1cd1ff8629f2b1179945ed45055
  depends:
  - libgcc-ng >=12
  license: BSD-2-Clause
  license_family: BSD
  size: 112766
  timestamp: 1702146165126
- kind: conda
  name: libexpat
  version: 2.6.2
  build: h59595ed_0
  subdir: linux-64
  url: https://conda.anaconda.org/conda-forge/linux-64/libexpat-2.6.2-h59595ed_0.conda
  sha256: 331bb7c7c05025343ebd79f86ae612b9e1e74d2687b8f3179faec234f986ce19
  md5: e7ba12deb7020dd080c6c70e7b6f6a3d
  depends:
  - libgcc-ng >=12
  constrains:
  - expat 2.6.2.*
  license: MIT
  license_family: MIT
  size: 73730
  timestamp: 1710362120304
- kind: conda
  name: libffi
  version: 3.4.2
  build: h7f98852_5
  build_number: 5
  subdir: linux-64
  url: https://conda.anaconda.org/conda-forge/linux-64/libffi-3.4.2-h7f98852_5.tar.bz2
  sha256: ab6e9856c21709b7b517e940ae7028ae0737546122f83c2aa5d692860c3b149e
  md5: d645c6d2ac96843a2bfaccd2d62b3ac3
  depends:
  - libgcc-ng >=9.4.0
  license: MIT
  license_family: MIT
  size: 58292
  timestamp: 1636488182923
- kind: conda
  name: libgcc-devel_linux-64
  version: 13.2.0
  build: h95c4c6d_106
  build_number: 106
  subdir: noarch
  noarch: generic
  url: https://conda.anaconda.org/conda-forge/noarch/libgcc-devel_linux-64-13.2.0-h95c4c6d_106.conda
  sha256: b0bf49439d146275a0ad5cb5e6bf15da0f1257cdc7299589da820fd55d19588a
  md5: 960fa4aaa5c6a4733ac71954d835ce99
  license: GPL-3.0-only WITH GCC-exception-3.1
  license_family: GPL
  size: 2581282
  timestamp: 1713754805427
- kind: conda
  name: libgcc-ng
  version: 13.2.0
  build: hc881cc4_6
  build_number: 6
  subdir: linux-64
  url: https://conda.anaconda.org/conda-forge/linux-64/libgcc-ng-13.2.0-hc881cc4_6.conda
  sha256: 836a0057525f1414de43642d357d0ab21ac7f85e24800b010dbc17d132e6efec
  md5: df88796bd09a0d2ed292e59101478ad8
  depends:
  - _libgcc_mutex 0.1 conda_forge
  - _openmp_mutex >=4.5
  constrains:
  - libgomp 13.2.0 hc881cc4_6
  license: GPL-3.0-only WITH GCC-exception-3.1
  license_family: GPL
  size: 777315
  timestamp: 1713755001744
- kind: conda
  name: libgfortran-ng
  version: 13.2.0
  build: h69a702a_6
  build_number: 6
  subdir: linux-64
  url: https://conda.anaconda.org/conda-forge/linux-64/libgfortran-ng-13.2.0-h69a702a_6.conda
  sha256: 5e436753c55d81005e9383d7a8ec14298ebd35029d148db7e03c4834ffca54ee
  md5: 3666a850342f8f3be88f9a93d948d027
  depends:
  - libgfortran5 13.2.0 h43f5ff8_6
  license: GPL-3.0-only WITH GCC-exception-3.1
  license_family: GPL
  size: 24183
  timestamp: 1713755271389
- kind: conda
  name: libgfortran5
  version: 13.2.0
  build: h43f5ff8_6
  build_number: 6
  subdir: linux-64
  url: https://conda.anaconda.org/conda-forge/linux-64/libgfortran5-13.2.0-h43f5ff8_6.conda
  sha256: 5da2abd9e2c09ec8566fbacb237926b532f6629871ff2733c90a0be77b77679e
  md5: e54a5ddc67e673f9105cf2a2e9c070b0
  depends:
  - libgcc-ng >=13.2.0
  constrains:
  - libgfortran-ng 13.2.0
  license: GPL-3.0-only WITH GCC-exception-3.1
  license_family: GPL
  size: 1442624
  timestamp: 1713755021286
- kind: conda
  name: libgomp
  version: 13.2.0
  build: hc881cc4_6
  build_number: 6
  subdir: linux-64
  url: https://conda.anaconda.org/conda-forge/linux-64/libgomp-13.2.0-hc881cc4_6.conda
  sha256: e722b19b23b31a14b1592d5eceabb38dc52452ff5e4d346e330526971c22e52a
  md5: aae89d3736661c36a5591788aebd0817
  depends:
  - _libgcc_mutex 0.1 conda_forge
  license: GPL-3.0-only WITH GCC-exception-3.1
  license_family: GPL
  size: 422363
  timestamp: 1713754915251
- kind: conda
  name: liblapack
  version: 3.9.0
  build: 22_linux64_openblas
  build_number: 22
  subdir: linux-64
  url: https://conda.anaconda.org/conda-forge/linux-64/liblapack-3.9.0-22_linux64_openblas.conda
  sha256: db246341d42f9100d45adeb1a7ba8b1ef5b51ceb9056fd643e98046a3259fde6
  md5: b083767b6c877e24ee597d93b87ab838
  depends:
  - libblas 3.9.0 22_linux64_openblas
  constrains:
  - libcblas 3.9.0 22_linux64_openblas
  - blas * openblas
  - liblapacke 3.9.0 22_linux64_openblas
  license: BSD-3-Clause
  license_family: BSD
  size: 14471
  timestamp: 1712542277696
- kind: conda
  name: libnghttp2
  version: 1.58.0
  build: h47da74e_1
  build_number: 1
  subdir: linux-64
  url: https://conda.anaconda.org/conda-forge/linux-64/libnghttp2-1.58.0-h47da74e_1.conda
  sha256: 1910c5306c6aa5bcbd623c3c930c440e9c77a5a019008e1487810e3c1d3716cb
  md5: 700ac6ea6d53d5510591c4344d5c989a
  depends:
  - c-ares >=1.23.0,<2.0a0
  - libev >=4.33,<4.34.0a0
  - libev >=4.33,<5.0a0
  - libgcc-ng >=12
  - libstdcxx-ng >=12
  - libzlib >=1.2.13,<1.3.0a0
  - openssl >=3.2.0,<4.0a0
  license: MIT
  license_family: MIT
  size: 631936
  timestamp: 1702130036271
- kind: conda
  name: libnsl
  version: 2.0.1
  build: hd590300_0
  subdir: linux-64
  url: https://conda.anaconda.org/conda-forge/linux-64/libnsl-2.0.1-hd590300_0.conda
  sha256: 26d77a3bb4dceeedc2a41bd688564fe71bf2d149fdcf117049970bc02ff1add6
  md5: 30fd6e37fe21f86f4bd26d6ee73eeec7
  depends:
  - libgcc-ng >=12
  license: LGPL-2.1-only
  license_family: GPL
  size: 33408
  timestamp: 1697359010159
- kind: conda
  name: libopenblas
  version: 0.3.27
  build: pthreads_h413a1c8_0
  subdir: linux-64
  url: https://conda.anaconda.org/conda-forge/linux-64/libopenblas-0.3.27-pthreads_h413a1c8_0.conda
  sha256: 2ae7559aed0705deb3f716c7b247c74fd1b5e35b64e39834ce8b95f7564d4a3e
  md5: a356024784da6dfd4683dc5ecf45b155
  depends:
  - libgcc-ng >=12
  - libgfortran-ng
  - libgfortran5 >=12.3.0
  constrains:
  - openblas >=0.3.27,<0.3.28.0a0
  license: BSD-3-Clause
  license_family: BSD
  size: 5598747
  timestamp: 1712364444346
- kind: conda
  name: libsanitizer
  version: 13.2.0
  build: h95c4c6d_6
  build_number: 6
  subdir: linux-64
  url: https://conda.anaconda.org/conda-forge/linux-64/libsanitizer-13.2.0-h95c4c6d_6.conda
  sha256: 7dfe018f816e424692a322aef993096061e28e13ad7e1c19b35c9e16f69c6bb0
  md5: be66a394ae0eb4bbeba5bba54e83ce53
  depends:
  - libgcc-ng >=13.2.0
  license: GPL-3.0-only WITH GCC-exception-3.1
  license_family: GPL
  size: 4139988
  timestamp: 1713755043582
- kind: conda
  name: libsqlite
  version: 3.45.3
  build: h2797004_0
  subdir: linux-64
  url: https://conda.anaconda.org/conda-forge/linux-64/libsqlite-3.45.3-h2797004_0.conda
  sha256: e2273d6860eadcf714a759ffb6dc24a69cfd01f2a0ea9d6c20f86049b9334e0c
  md5: b3316cbe90249da4f8e84cd66e1cc55b
  depends:
  - libgcc-ng >=12
  - libzlib >=1.2.13,<1.3.0a0
  license: Unlicense
  size: 859858
  timestamp: 1713367435849
- kind: conda
  name: libssh2
  version: 1.11.0
  build: h0841786_0
  subdir: linux-64
  url: https://conda.anaconda.org/conda-forge/linux-64/libssh2-1.11.0-h0841786_0.conda
  sha256: 50e47fd9c4f7bf841a11647ae7486f65220cfc988ec422a4475fe8d5a823824d
  md5: 1f5a58e686b13bcfde88b93f547d23fe
  depends:
  - libgcc-ng >=12
  - libzlib >=1.2.13,<1.3.0a0
  - openssl >=3.1.1,<4.0a0
  license: BSD-3-Clause
  license_family: BSD
  size: 271133
  timestamp: 1685837707056
- kind: conda
  name: libstdcxx-devel_linux-64
  version: 13.2.0
  build: h95c4c6d_106
  build_number: 106
  subdir: noarch
  noarch: generic
  url: https://conda.anaconda.org/conda-forge/noarch/libstdcxx-devel_linux-64-13.2.0-h95c4c6d_106.conda
  sha256: bb44a66fe3fd5ef35f44d8155edd3d5e18ed8b5154e30d2340aa79a3c77e86e3
  md5: aa932bbdb9cfea51e675f4b5a242ed6f
  license: GPL-3.0-only WITH GCC-exception-3.1
  license_family: GPL
  size: 13096506
  timestamp: 1713754936901
- kind: conda
  name: libstdcxx-ng
  version: 13.2.0
  build: h95c4c6d_6
  build_number: 6
  subdir: linux-64
  url: https://conda.anaconda.org/conda-forge/linux-64/libstdcxx-ng-13.2.0-h95c4c6d_6.conda
  sha256: 2616dbf9d28431eea20b6e307145c6a92ea0328a047c725ff34b0316de2617da
  md5: 3cfab3e709f77e9f1b3d380eb622494a
  license: GPL-3.0-only WITH GCC-exception-3.1
  license_family: GPL
  size: 3842900
  timestamp: 1713755068572
- kind: conda
  name: libuuid
  version: 2.38.1
  build: h0b41bf4_0
  subdir: linux-64
  url: https://conda.anaconda.org/conda-forge/linux-64/libuuid-2.38.1-h0b41bf4_0.conda
  sha256: 787eb542f055a2b3de553614b25f09eefb0a0931b0c87dbcce6efdfd92f04f18
  md5: 40b61aab5c7ba9ff276c41cfffe6b80b
  depends:
  - libgcc-ng >=12
  license: BSD-3-Clause
  license_family: BSD
  size: 33601
  timestamp: 1680112270483
- kind: conda
  name: libuv
  version: 1.48.0
  build: hd590300_0
  subdir: linux-64
  url: https://conda.anaconda.org/conda-forge/linux-64/libuv-1.48.0-hd590300_0.conda
  sha256: b7c0e8a0c93c2621be7645b37123d4e8d27e8a974da26a3fba47a9c37711aa7f
  md5: 7e8b914b1062dd4386e3de4d82a3ead6
  depends:
  - libgcc-ng >=12
  license: MIT
  license_family: MIT
  size: 899979
  timestamp: 1709913354710
- kind: conda
  name: libxcrypt
  version: 4.4.36
  build: hd590300_1
  build_number: 1
  subdir: linux-64
  url: https://conda.anaconda.org/conda-forge/linux-64/libxcrypt-4.4.36-hd590300_1.conda
  sha256: 6ae68e0b86423ef188196fff6207ed0c8195dd84273cb5623b85aa08033a410c
  md5: 5aa797f8787fe7a17d1b0821485b5adc
  depends:
  - libgcc-ng >=12
  license: LGPL-2.1-or-later
  size: 100393
  timestamp: 1702724383534
- kind: conda
  name: libzlib
  version: 1.2.13
  build: hd590300_5
  build_number: 5
  subdir: linux-64
  url: https://conda.anaconda.org/conda-forge/linux-64/libzlib-1.2.13-hd590300_5.conda
  sha256: 370c7c5893b737596fd6ca0d9190c9715d89d888b8c88537ae1ef168c25e82e4
  md5: f36c115f1ee199da648e0597ec2047ad
  depends:
  - libgcc-ng >=12
  constrains:
  - zlib 1.2.13 *_5
  license: Zlib
  license_family: Other
  size: 61588
  timestamp: 1686575217516
- kind: conda
  name: make
  version: '4.3'
  build: hd18ef5c_1
  build_number: 1
  subdir: linux-64
  url: https://conda.anaconda.org/conda-forge/linux-64/make-4.3-hd18ef5c_1.tar.bz2
  sha256: 4a5fe7c80bb0de0015328e2d3fc8db1736f528cb1fd53cd0d5527e24269a4f7c
  md5: 4049ebfd3190b580dffe76daed26155a
  depends:
  - libgcc-ng >=7.5.0
  license: GPL-3.0-or-later
  license_family: GPL
  size: 518896
  timestamp: 1602706451788
- kind: conda
  name: ncurses
  version: 6.4.20240210
  build: h59595ed_0
  subdir: linux-64
  url: https://conda.anaconda.org/conda-forge/linux-64/ncurses-6.4.20240210-h59595ed_0.conda
  sha256: aa0f005b6727aac6507317ed490f0904430584fa8ca722657e7f0fb94741de81
  md5: 97da8860a0da5413c7c98a3b3838a645
  depends:
  - libgcc-ng >=12
  license: X11 AND BSD-3-Clause
  size: 895669
  timestamp: 1710866638986
- kind: conda
  name: numpy
  version: 1.26.4
  build: py311h64a7726_0
  subdir: linux-64
  url: https://conda.anaconda.org/conda-forge/linux-64/numpy-1.26.4-py311h64a7726_0.conda
  sha256: 3f4365e11b28e244c95ba8579942b0802761ba7bb31c026f50d1a9ea9c728149
  md5: a502d7aad449a1206efb366d6a12c52d
  depends:
  - libblas >=3.9.0,<4.0a0
  - libcblas >=3.9.0,<4.0a0
  - libgcc-ng >=12
  - liblapack >=3.9.0,<4.0a0
  - libstdcxx-ng >=12
  - python >=3.11,<3.12.0a0
  - python_abi 3.11.* *_cp311
  constrains:
  - numpy-base <0a0
  license: BSD-3-Clause
  license_family: BSD
  purls:
  - pkg:pypi/numpy
  size: 8065890
  timestamp: 1707225944355
- kind: conda
  name: openssl
  version: 3.2.1
  build: hd590300_1
  build_number: 1
  subdir: linux-64
  url: https://conda.anaconda.org/conda-forge/linux-64/openssl-3.2.1-hd590300_1.conda
  sha256: 2c689444ed19a603be457284cf2115ee728a3fafb7527326e96054dee7cdc1a7
  md5: 9d731343cff6ee2e5a25c4a091bf8e2a
  depends:
  - ca-certificates
  - libgcc-ng >=12
  constrains:
  - pyopenssl >=22.1
  license: Apache-2.0
  license_family: Apache
  size: 2865379
  timestamp: 1710793235846
- kind: pypi
  name: pyslha
  version: 3.2.6
  url: https://files.pythonhosted.org/packages/b8/bd/4382ed07946bb0e59738fc9a7b19de415b2c28f6fd94183d56b7d9e16d00/pyslha-3.2.6.tar.gz
  sha256: 262a604c244db31a07362933001dedc24dd510e803785f9536e8d983ee66e75d
  requires_dist:
  - tex2pix>=0.1.5
- kind: conda
  name: python
  version: 3.11.9
  build: hb806964_0_cpython
  subdir: linux-64
  url: https://conda.anaconda.org/conda-forge/linux-64/python-3.11.9-hb806964_0_cpython.conda
  sha256: 177f33a1fb8d3476b38f73c37b42f01c0b014fa0e039a701fd9f83d83aae6d40
  md5: ac68acfa8b558ed406c75e98d3428d7b
  depends:
  - bzip2 >=1.0.8,<2.0a0
  - ld_impl_linux-64 >=2.36.1
  - libexpat >=2.6.2,<3.0a0
  - libffi >=3.4,<4.0a0
  - libgcc-ng >=12
  - libnsl >=2.0.1,<2.1.0a0
  - libsqlite >=3.45.3,<4.0a0
  - libuuid >=2.38.1,<3.0a0
  - libxcrypt >=4.4.36
  - libzlib >=1.2.13,<1.3.0a0
  - ncurses >=6.4.20240210,<7.0a0
  - openssl >=3.2.1,<4.0a0
  - readline >=8.2,<9.0a0
  - tk >=8.6.13,<8.7.0a0
  - tzdata
  - xz >=5.2.6,<6.0a0
  constrains:
  - python_abi 3.11.* *_cp311
  license: Python-2.0
  size: 30884494
  timestamp: 1713553104915
- kind: conda
  name: python_abi
  version: '3.11'
  build: 4_cp311
  build_number: 4
  subdir: linux-64
  url: https://conda.anaconda.org/conda-forge/linux-64/python_abi-3.11-4_cp311.conda
  sha256: 0be3ac1bf852d64f553220c7e6457e9c047dfb7412da9d22fbaa67e60858b3cf
  md5: d786502c97404c94d7d58d258a445a65
  constrains:
  - python 3.11.* *_cpython
  license: BSD-3-Clause
  license_family: BSD
  size: 6385
  timestamp: 1695147338551
- kind: conda
  name: pyyaml
  version: 6.0.1
  build: py311h459d7ec_1
  build_number: 1
  subdir: linux-64
  url: https://conda.anaconda.org/conda-forge/linux-64/pyyaml-6.0.1-py311h459d7ec_1.conda
  sha256: 28729ef1ffa7f6f9dfd54345a47c7faac5d34296d66a2b9891fb147f4efe1348
  md5: 52719a74ad130de8fb5d047dc91f247a
  depends:
  - libgcc-ng >=12
  - python >=3.11,<3.12.0a0
  - python_abi 3.11.* *_cp311
  - yaml >=0.2.5,<0.3.0a0
  license: MIT
  license_family: MIT
  purls:
  - pkg:pypi/pyyaml
  size: 200626
  timestamp: 1695373818537
- kind: conda
  name: readline
  version: '8.2'
  build: h8228510_1
  build_number: 1
  subdir: linux-64
  url: https://conda.anaconda.org/conda-forge/linux-64/readline-8.2-h8228510_1.conda
  sha256: 5435cf39d039387fbdc977b0a762357ea909a7694d9528ab40f005e9208744d7
  md5: 47d31b792659ce70f470b5c82fdfb7a4
  depends:
  - libgcc-ng >=12
  - ncurses >=6.3,<7.0a0
  license: GPL-3.0-only
  license_family: GPL
  size: 281456
  timestamp: 1679532220005
- kind: conda
  name: rhash
  version: 1.4.4
  build: hd590300_0
  subdir: linux-64
  url: https://conda.anaconda.org/conda-forge/linux-64/rhash-1.4.4-hd590300_0.conda
  sha256: 12711d2d4a808a503c2e49b25d26ecb351435521e814c154e682dd2be71c2611
  md5: ec972a9a2925ac8d7a19eb9606561fff
  depends:
  - libgcc-ng >=12
  license: MIT
  license_family: MIT
  size: 185144
  timestamp: 1693455923632
- kind: conda
  name: sysroot_linux-64
  version: '2.12'
  build: he073ed8_17
  build_number: 17
  subdir: noarch
  noarch: generic
  url: https://conda.anaconda.org/conda-forge/noarch/sysroot_linux-64-2.12-he073ed8_17.conda
  sha256: b4e4d685e41cb36cfb16f0cb15d2c61f8f94f56fab38987a44eff95d8a673fb5
  md5: 595db67e32b276298ff3d94d07d47fbf
  depends:
  - kernel-headers_linux-64 2.6.32 he073ed8_17
  license: LGPL-2.0-or-later AND LGPL-2.0-or-later WITH exceptions AND GPL-2.0-or-later AND MPL-2.0
  license_family: GPL
  size: 15127123
  timestamp: 1708000843849
- kind: pypi
  name: tex2pix
  version: 0.3.1
  url: https://files.pythonhosted.org/packages/67/67/0b008d2bc93137701145ccb4745ff7c4026804eb6a030e8fab8ec058c43b/tex2pix-0.3.1.tar.gz
  sha256: d03c2b6b5ec0aa60c18e01282c6b8ffc2c74c7bbd647f00c6088192db18b16dc
- kind: conda
  name: tk
  version: 8.6.13
  build: noxft_h4845f30_101
  build_number: 101
  subdir: linux-64
  url: https://conda.anaconda.org/conda-forge/linux-64/tk-8.6.13-noxft_h4845f30_101.conda
  sha256: e0569c9caa68bf476bead1bed3d79650bb080b532c64a4af7d8ca286c08dea4e
  md5: d453b98d9c83e71da0741bb0ff4d76bc
  depends:
  - libgcc-ng >=12
  - libzlib >=1.2.13,<1.3.0a0
  license: TCL
  license_family: BSD
  size: 3318875
  timestamp: 1699202167581
- kind: conda
  name: tzdata
  version: 2024a
  build: h0c530f3_0
  subdir: noarch
  noarch: generic
  url: https://conda.anaconda.org/conda-forge/noarch/tzdata-2024a-h0c530f3_0.conda
  sha256: 7b2b69c54ec62a243eb6fba2391b5e443421608c3ae5dbff938ad33ca8db5122
  md5: 161081fc7cec0bfda0d86d7cb595f8d8
  license: LicenseRef-Public-Domain
  size: 119815
  timestamp: 1706886945727
- kind: conda
  name: which
  version: '2.21'
  build: h0b41bf4_1
  build_number: 1
  subdir: linux-64
  url: https://conda.anaconda.org/conda-forge/linux-64/which-2.21-h0b41bf4_1.conda
  sha256: e94d0d5f75a5f58165ad8ac64a25df851c77ec6e9bf626c16807dcbd740226c8
  md5: 76d6bc123c1c75bf034c412856fcc935
  depends:
  - libgcc-ng >=12
  license: GPL-3.0
  size: 32121
  timestamp: 1679668679701
- kind: conda
  name: xz
  version: 5.2.6
  build: h166bdaf_0
  subdir: linux-64
  url: https://conda.anaconda.org/conda-forge/linux-64/xz-5.2.6-h166bdaf_0.tar.bz2
  sha256: 03a6d28ded42af8a347345f82f3eebdd6807a08526d47899a42d62d319609162
  md5: 2161070d867d1b1204ea749c8eec4ef0
  depends:
  - libgcc-ng >=12
  license: LGPL-2.1 and GPL-2.0
  size: 418368
  timestamp: 1660346797927
- kind: conda
  name: yaml
  version: 0.2.5
  build: h7f98852_2
  build_number: 2
  subdir: linux-64
  url: https://conda.anaconda.org/conda-forge/linux-64/yaml-0.2.5-h7f98852_2.tar.bz2
  sha256: a4e34c710eeb26945bdbdaba82d3d74f60a78f54a874ec10d373811a5d217535
  md5: 4cb3ad778ec2d5a7acbdf254eb1c42ae
  depends:
  - libgcc-ng >=9.4.0
  license: MIT
  license_family: MIT
  size: 89141
  timestamp: 1641346969816
- kind: conda
  name: zstd
  version: 1.5.5
  build: hfc55251_0
  subdir: linux-64
  url: https://conda.anaconda.org/conda-forge/linux-64/zstd-1.5.5-hfc55251_0.conda
  sha256: 607cbeb1a533be98ba96cf5cdf0ddbb101c78019f1fda063261871dad6248609
  md5: 04b88013080254850d6c01ed54810589
  depends:
  - libgcc-ng >=12
  - libstdcxx-ng >=12
  - libzlib >=1.2.13,<1.3.0a0
  license: BSD-3-Clause
  license_family: BSD
  size: 545199
  timestamp: 1693151163452
