version: 5
environments:
  default:
    channels:
    - url: https://conda.anaconda.org/conda-forge/
    indexes:
    - https://pypi.org/simple
    packages:
      linux-64:
      - conda: https://conda.anaconda.org/conda-forge/linux-64/_libgcc_mutex-0.1-conda_forge.tar.bz2
      - conda: https://conda.anaconda.org/conda-forge/linux-64/_openmp_mutex-4.5-2_gnu.tar.bz2
      - conda: https://conda.anaconda.org/conda-forge/linux-64/autoconf-2.71-pl5321h2b4cb7a_1.conda
      - conda: https://conda.anaconda.org/conda-forge/linux-64/automake-1.16.5-pl5321ha770c72_0.tar.bz2
      - conda: https://conda.anaconda.org/conda-forge/noarch/awkward-2.6.4-pyhd8ed1ab_0.conda
      - conda: https://conda.anaconda.org/conda-forge/linux-64/awkward-cpp-33-py311h52f7536_0.conda
      - conda: https://conda.anaconda.org/conda-forge/linux-64/binutils_impl_linux-64-2.40-ha885e6a_0.conda
      - conda: https://conda.anaconda.org/conda-forge/linux-64/binutils_linux-64-2.40-hdade7a5_3.conda
      - conda: https://conda.anaconda.org/conda-forge/linux-64/bzip2-1.0.8-hd590300_5.conda
      - conda: https://conda.anaconda.org/conda-forge/linux-64/c-ares-1.28.1-hd590300_0.conda
      - conda: https://conda.anaconda.org/conda-forge/linux-64/ca-certificates-2024.2.2-hbcca054_0.conda
      - conda: https://conda.anaconda.org/conda-forge/noarch/click-8.1.7-unix_pyh707e725_0.conda
      - conda: https://conda.anaconda.org/conda-forge/linux-64/cmake-3.29.2-h91dbaaa_1.conda
      - conda: https://conda.anaconda.org/conda-forge/linux-64/cramjam-2.8.3-py311h46250e7_0.conda
      - conda: https://conda.anaconda.org/conda-forge/linux-64/cxx-compiler-1.0.0-hf484d3e_0.tar.bz2
      - conda: https://conda.anaconda.org/conda-forge/noarch/fsspec-2024.3.1-pyhca7485f_0.conda
      - conda: https://conda.anaconda.org/conda-forge/linux-64/gcc-13.2.0-hc7bed06_7.conda
      - conda: https://conda.anaconda.org/conda-forge/linux-64/gcc_impl_linux-64-13.2.0-h9eb54c0_7.conda
      - conda: https://conda.anaconda.org/conda-forge/linux-64/gcc_linux-64-13.2.0-h1ed452b_3.conda
      - conda: https://conda.anaconda.org/conda-forge/linux-64/gfortran-13.2.0-hc7bed06_7.conda
      - conda: https://conda.anaconda.org/conda-forge/linux-64/gfortran_impl_linux-64-13.2.0-h738fc78_7.conda
      - conda: https://conda.anaconda.org/conda-forge/linux-64/gxx_impl_linux-64-13.2.0-h2a599c4_7.conda
      - conda: https://conda.anaconda.org/conda-forge/linux-64/gxx_linux-64-13.2.0-he8deefe_3.conda
      - conda: https://conda.anaconda.org/conda-forge/noarch/importlib-metadata-7.1.0-pyha770c72_0.conda
      - conda: https://conda.anaconda.org/conda-forge/noarch/importlib_metadata-7.1.0-hd8ed1ab_0.conda
      - conda: https://conda.anaconda.org/conda-forge/noarch/kernel-headers_linux-64-2.6.32-he073ed8_17.conda
      - conda: https://conda.anaconda.org/conda-forge/linux-64/keyutils-1.6.1-h166bdaf_0.tar.bz2
      - conda: https://conda.anaconda.org/conda-forge/linux-64/krb5-1.21.2-h659d440_0.conda
      - conda: https://conda.anaconda.org/conda-forge/linux-64/ld_impl_linux-64-2.40-h55db66e_0.conda
      - conda: https://conda.anaconda.org/conda-forge/linux-64/libblas-3.9.0-22_linux64_openblas.conda
      - conda: https://conda.anaconda.org/conda-forge/linux-64/libcblas-3.9.0-22_linux64_openblas.conda
      - conda: https://conda.anaconda.org/conda-forge/linux-64/libcurl-8.7.1-hca28451_0.conda
      - conda: https://conda.anaconda.org/conda-forge/linux-64/libedit-3.1.20191231-he28a2e2_2.tar.bz2
      - conda: https://conda.anaconda.org/conda-forge/linux-64/libev-4.33-hd590300_2.conda
      - conda: https://conda.anaconda.org/conda-forge/linux-64/libexpat-2.6.2-h59595ed_0.conda
      - conda: https://conda.anaconda.org/conda-forge/linux-64/libffi-3.4.2-h7f98852_5.tar.bz2
      - conda: https://conda.anaconda.org/conda-forge/noarch/libgcc-devel_linux-64-13.2.0-hceb6213_107.conda
      - conda: https://conda.anaconda.org/conda-forge/linux-64/libgcc-ng-13.2.0-h77fa898_7.conda
      - conda: https://conda.anaconda.org/conda-forge/linux-64/libgfortran-ng-13.2.0-h69a702a_7.conda
      - conda: https://conda.anaconda.org/conda-forge/linux-64/libgfortran5-13.2.0-hca663fb_7.conda
      - conda: https://conda.anaconda.org/conda-forge/linux-64/libgomp-13.2.0-h77fa898_7.conda
      - conda: https://conda.anaconda.org/conda-forge/linux-64/liblapack-3.9.0-22_linux64_openblas.conda
      - conda: https://conda.anaconda.org/conda-forge/linux-64/libnghttp2-1.58.0-h47da74e_1.conda
      - conda: https://conda.anaconda.org/conda-forge/linux-64/libnsl-2.0.1-hd590300_0.conda
      - conda: https://conda.anaconda.org/conda-forge/linux-64/libopenblas-0.3.27-pthreads_h413a1c8_0.conda
      - conda: https://conda.anaconda.org/conda-forge/linux-64/libsanitizer-13.2.0-h6ddb7a1_7.conda
      - conda: https://conda.anaconda.org/conda-forge/linux-64/libsqlite-3.45.3-h2797004_0.conda
      - conda: https://conda.anaconda.org/conda-forge/linux-64/libssh2-1.11.0-h0841786_0.conda
      - conda: https://conda.anaconda.org/conda-forge/noarch/libstdcxx-devel_linux-64-13.2.0-hceb6213_107.conda
      - conda: https://conda.anaconda.org/conda-forge/linux-64/libstdcxx-ng-13.2.0-hc0a3c3a_7.conda
      - conda: https://conda.anaconda.org/conda-forge/linux-64/libuuid-2.38.1-h0b41bf4_0.conda
      - conda: https://conda.anaconda.org/conda-forge/linux-64/libuv-1.48.0-hd590300_0.conda
      - conda: https://conda.anaconda.org/conda-forge/linux-64/libxcrypt-4.4.36-hd590300_1.conda
      - conda: https://conda.anaconda.org/conda-forge/linux-64/libzlib-1.2.13-hd590300_5.conda
      - conda: https://conda.anaconda.org/conda-forge/linux-64/m4-1.4.18-h516909a_1001.tar.bz2
      - conda: https://conda.anaconda.org/conda-forge/linux-64/make-4.3-hd18ef5c_1.tar.bz2
      - conda: https://conda.anaconda.org/conda-forge/noarch/markdown-it-py-3.0.0-pyhd8ed1ab_0.conda
      - conda: https://conda.anaconda.org/conda-forge/noarch/mdurl-0.1.2-pyhd8ed1ab_0.conda
      - conda: https://conda.anaconda.org/conda-forge/linux-64/ncurses-6.4.20240210-h59595ed_0.conda
      - conda: https://conda.anaconda.org/conda-forge/linux-64/numpy-1.26.4-py311h64a7726_0.conda
      - conda: https://conda.anaconda.org/conda-forge/linux-64/openssl-3.3.0-hd590300_0.conda
      - conda: https://conda.anaconda.org/conda-forge/noarch/packaging-24.0-pyhd8ed1ab_0.conda
      - conda: https://conda.anaconda.org/conda-forge/linux-64/perl-5.32.1-7_hd590300_perl5.conda
      - conda: https://conda.anaconda.org/conda-forge/noarch/pygments-2.18.0-pyhd8ed1ab_0.conda
      - conda: https://conda.anaconda.org/conda-forge/linux-64/python-3.11.9-hb806964_0_cpython.conda
      - conda: https://conda.anaconda.org/conda-forge/linux-64/python-xxhash-3.4.1-py311h459d7ec_0.conda
      - conda: https://conda.anaconda.org/conda-forge/linux-64/python_abi-3.11-4_cp311.conda
      - conda: https://conda.anaconda.org/conda-forge/linux-64/pyyaml-6.0.1-py311h459d7ec_1.conda
      - conda: https://conda.anaconda.org/conda-forge/linux-64/readline-8.2-h8228510_1.conda
      - conda: https://conda.anaconda.org/conda-forge/linux-64/rhash-1.4.4-hd590300_0.conda
      - conda: https://conda.anaconda.org/conda-forge/noarch/rich-13.7.1-pyhd8ed1ab_0.conda
      - conda: https://conda.anaconda.org/conda-forge/noarch/structlog-24.1.0-pyhd8ed1ab_0.conda
      - conda: https://conda.anaconda.org/conda-forge/noarch/sysroot_linux-64-2.12-he073ed8_17.conda
      - conda: https://conda.anaconda.org/conda-forge/linux-64/tk-8.6.13-noxft_h4845f30_101.conda
      - conda: https://conda.anaconda.org/conda-forge/noarch/typing_extensions-4.11.0-pyha770c72_0.conda
      - conda: https://conda.anaconda.org/conda-forge/noarch/tzdata-2024a-h0c530f3_0.conda
      - conda: https://conda.anaconda.org/conda-forge/noarch/uproot-5.3.4-ha770c72_0.conda
      - conda: https://conda.anaconda.org/conda-forge/noarch/uproot-base-5.3.4-pyhd8ed1ab_0.conda
      - conda: https://conda.anaconda.org/conda-forge/linux-64/which-2.21-h0b41bf4_1.conda
      - conda: https://conda.anaconda.org/conda-forge/linux-64/xxhash-0.8.2-hd590300_0.conda
      - conda: https://conda.anaconda.org/conda-forge/linux-64/xz-5.2.6-h166bdaf_0.tar.bz2
      - conda: https://conda.anaconda.org/conda-forge/linux-64/yaml-0.2.5-h7f98852_2.tar.bz2
      - conda: https://conda.anaconda.org/conda-forge/noarch/zipp-3.17.0-pyhd8ed1ab_0.conda
      - conda: https://conda.anaconda.org/conda-forge/linux-64/zstd-1.5.6-ha6fb4c9_0.conda
      - pypi: https://files.pythonhosted.org/packages/b8/bd/4382ed07946bb0e59738fc9a7b19de415b2c28f6fd94183d56b7d9e16d00/pyslha-3.2.6.tar.gz
      - pypi: https://files.pythonhosted.org/packages/67/67/0b008d2bc93137701145ccb4745ff7c4026804eb6a030e8fab8ec058c43b/tex2pix-0.3.1.tar.gz
packages:
- kind: conda
  name: _libgcc_mutex
  version: '0.1'
  build: conda_forge
  subdir: linux-64
  url: https://conda.anaconda.org/conda-forge/linux-64/_libgcc_mutex-0.1-conda_forge.tar.bz2
  sha256: fe51de6107f9edc7aa4f786a70f4a883943bc9d39b3bb7307c04c41410990726
  md5: d7c89558ba9fa0495403155b64376d81
  license: None
  size: 2562
  timestamp: 1578324546067
- kind: conda
  name: _openmp_mutex
  version: '4.5'
  build: 2_gnu
  build_number: 16
  subdir: linux-64
  url: https://conda.anaconda.org/conda-forge/linux-64/_openmp_mutex-4.5-2_gnu.tar.bz2
  sha256: fbe2c5e56a653bebb982eda4876a9178aedfc2b545f25d0ce9c4c0b508253d22
  md5: 73aaf86a425cc6e73fcf236a5a46396d
  depends:
  - _libgcc_mutex 0.1 conda_forge
  - libgomp >=7.5.0
  constrains:
  - openmp_impl 9999
  license: BSD-3-Clause
  license_family: BSD
  size: 23621
  timestamp: 1650670423406
- kind: conda
  name: autoconf
  version: '2.71'
  build: pl5321h2b4cb7a_1
  build_number: 1
  subdir: linux-64
  url: https://conda.anaconda.org/conda-forge/linux-64/autoconf-2.71-pl5321h2b4cb7a_1.conda
  sha256: 04868bf7a2737af8c8a828b2c4b59653180a91da9c3ece77bae4e429a1b84cc1
  md5: 50cabb1aee157a18082c7c92cc4b3143
  depends:
  - libgcc-ng >=12
  - m4
  - perl 5.*
  license: GPL-3.0-or-later
  license_family: GPL
  size: 640760
  timestamp: 1675368304772
- kind: conda
  name: automake
  version: 1.16.5
  build: pl5321ha770c72_0
  subdir: linux-64
  url: https://conda.anaconda.org/conda-forge/linux-64/automake-1.16.5-pl5321ha770c72_0.tar.bz2
  sha256: 531d701fb733f74f059fb1ddd83d34336a668129c0ec0e9e5e365e89b11604e3
  md5: a080bab94ace15a29b24b0e85ce58ba0
  depends:
  - autoconf
  - m4
  - perl 5.*
  license: GPL-3.0-or-later
  license_family: GPL
  size: 655984
  timestamp: 1634805925378
- kind: conda
  name: awkward
  version: 2.6.4
  build: pyhd8ed1ab_0
  subdir: noarch
  noarch: python
  url: https://conda.anaconda.org/conda-forge/noarch/awkward-2.6.4-pyhd8ed1ab_0.conda
  sha256: 9d3ba61f2fa934b0f191bdebe61f708baa9b4b50e6fbd06823fc34ef95847835
  md5: 2e929679a0d3f2f496db5f581b5bda73
  depends:
  - awkward-cpp 33
  - fsspec >=2022.11.0
  - importlib_metadata
  - numpy >=1.18.0
  - packaging
  - python >=3.8
  - typing_extensions
  license: BSD-3-Clause
  license_family: BSD
  purls:
  - pkg:pypi/awkward
  size: 393202
  timestamp: 1714857950942
- kind: conda
  name: awkward-cpp
  version: '33'
  build: py311h52f7536_0
  subdir: linux-64
  url: https://conda.anaconda.org/conda-forge/linux-64/awkward-cpp-33-py311h52f7536_0.conda
  sha256: c39c858d011cadc12eeeeddd87ff2b97b1f61ce2cfe394d180334bdb92e2a95b
  md5: 8cf76324af42044b43ec03e5725392a3
  depends:
  - libgcc-ng >=12
  - libstdcxx-ng >=12
  - numpy >=1.18.0
  - python >=3.11,<3.12.0a0
  - python_abi 3.11.* *_cp311
  license: BSD-3-Clause
  license_family: BSD
  purls:
  - pkg:pypi/awkward-cpp
  size: 549933
  timestamp: 1714799116043
- kind: conda
  name: binutils_impl_linux-64
  version: '2.40'
  build: ha885e6a_0
  subdir: linux-64
  url: https://conda.anaconda.org/conda-forge/linux-64/binutils_impl_linux-64-2.40-ha885e6a_0.conda
  sha256: 180b268f207d1481beb9de5c173751d14c429a7226fa9a85941e4a54cf6be1b4
  md5: 800a4c872b5bc06fa83888d112fe6c4f
  depends:
  - ld_impl_linux-64 2.40 h55db66e_0
  - sysroot_linux-64
  license: GPL-3.0-only
  license_family: GPL
  size: 5797310
  timestamp: 1713651250214
- kind: conda
  name: binutils_linux-64
  version: '2.40'
  build: hdade7a5_3
  build_number: 3
  subdir: linux-64
  url: https://conda.anaconda.org/conda-forge/linux-64/binutils_linux-64-2.40-hdade7a5_3.conda
  sha256: d114b825acef51c1d065ca0a17f97e0e856c48765aecf2f8f164935635013dd2
  md5: 2d9a60578bc28469d9aeef9aea5520c3
  depends:
  - binutils_impl_linux-64 2.40.*
  - sysroot_linux-64
  license: BSD-3-Clause
  license_family: BSD
  size: 28868
  timestamp: 1710259805994
- kind: conda
  name: bzip2
  version: 1.0.8
  build: hd590300_5
  build_number: 5
  subdir: linux-64
  url: https://conda.anaconda.org/conda-forge/linux-64/bzip2-1.0.8-hd590300_5.conda
  sha256: 242c0c324507ee172c0e0dd2045814e746bb303d1eb78870d182ceb0abc726a8
  md5: 69b8b6202a07720f448be700e300ccf4
  depends:
  - libgcc-ng >=12
  license: bzip2-1.0.6
  license_family: BSD
  size: 254228
  timestamp: 1699279927352
- kind: conda
  name: c-ares
  version: 1.28.1
  build: hd590300_0
  subdir: linux-64
  url: https://conda.anaconda.org/conda-forge/linux-64/c-ares-1.28.1-hd590300_0.conda
  sha256: cb25063f3342149c7924b21544109696197a9d774f1407567477d4f3026bf38a
  md5: dcde58ff9a1f30b0037a2315d1846d1f
  depends:
  - libgcc-ng >=12
  license: MIT
  license_family: MIT
  size: 168875
  timestamp: 1711819445938
- kind: conda
  name: ca-certificates
  version: 2024.2.2
  build: hbcca054_0
  subdir: linux-64
  url: https://conda.anaconda.org/conda-forge/linux-64/ca-certificates-2024.2.2-hbcca054_0.conda
  sha256: 91d81bfecdbb142c15066df70cc952590ae8991670198f92c66b62019b251aeb
  md5: 2f4327a1cbe7f022401b236e915a5fef
  license: ISC
  size: 155432
  timestamp: 1706843687645
- kind: conda
  name: click
  version: 8.1.7
  build: unix_pyh707e725_0
  subdir: noarch
  noarch: python
  url: https://conda.anaconda.org/conda-forge/noarch/click-8.1.7-unix_pyh707e725_0.conda
  sha256: f0016cbab6ac4138a429e28dbcb904a90305b34b3fe41a9b89d697c90401caec
  md5: f3ad426304898027fc619827ff428eca
  depends:
  - __unix
  - python >=3.8
  license: BSD-3-Clause
  license_family: BSD
  purls:
  - pkg:pypi/click
  size: 84437
  timestamp: 1692311973840
- kind: conda
  name: cmake
  version: 3.29.2
  build: h91dbaaa_1
  build_number: 1
  subdir: linux-64
  url: https://conda.anaconda.org/conda-forge/linux-64/cmake-3.29.2-h91dbaaa_1.conda
  sha256: a0b49931ba27332664b4f86b4b89479ec74d903fa37a8317c25f060a42551736
  md5: 79e672fcb08b8fa3cd0f561cba3eb48f
  depends:
  - bzip2 >=1.0.8,<2.0a0
  - libcurl >=8.7.1,<9.0a0
  - libexpat >=2.6.2,<3.0a0
  - libgcc-ng >=12
  - libstdcxx-ng >=12
  - libuv >=1.48.0,<2.0a0
  - libzlib >=1.2.13,<1.3.0a0
  - ncurses >=6.4.20240210,<7.0a0
  - rhash >=1.4.4,<2.0a0
  - xz >=5.2.6,<6.0a0
  - zstd >=1.5.6,<1.6.0a0
  license: BSD-3-Clause
  license_family: BSD
  size: 19023168
  timestamp: 1715136847325
- kind: conda
  name: cramjam
  version: 2.8.3
  build: py311h46250e7_0
  subdir: linux-64
  url: https://conda.anaconda.org/conda-forge/linux-64/cramjam-2.8.3-py311h46250e7_0.conda
  sha256: 6d403e5902e2d820d983fa2558380611d5d1084bac613b5a2ec6d3fc481099ca
  md5: 16b89757b4b22ec8bead48bda13629e4
  depends:
  - libgcc-ng >=12
  - python >=3.11,<3.12.0a0
  - python_abi 3.11.* *_cp311
  license: MIT
  license_family: MIT
  purls:
  - pkg:pypi/cramjam
  size: 1602361
  timestamp: 1711053921134
- kind: conda
  name: cxx-compiler
  version: 1.0.0
  build: hf484d3e_0
  subdir: linux-64
  url: https://conda.anaconda.org/conda-forge/linux-64/cxx-compiler-1.0.0-hf484d3e_0.tar.bz2
  sha256: 72a84140fccc64e7941aa19affb86d49734c1f2729f13dedeadd588e4a0a68b4
  md5: 5f1c23fd134564eeb5ee730640168c5a
  depends:
  - gxx_linux-64
  - libgcc-ng >=7.3.0
  - libstdcxx-ng >=7.3.0
  license: BSD
  size: 4573
  timestamp: 1549898421693
- kind: conda
  name: fsspec
  version: 2024.3.1
  build: pyhca7485f_0
  subdir: noarch
  noarch: python
  url: https://conda.anaconda.org/conda-forge/noarch/fsspec-2024.3.1-pyhca7485f_0.conda
  sha256: b8621151939bb5ea4ea4aa84f010e6130a47b1453cd9178283f335816b72a895
  md5: b7f0662ef2c9d4404f0af9eef5ed2fde
  depends:
  - python >=3.8
  license: BSD-3-Clause
  license_family: BSD
  purls:
  - pkg:pypi/fsspec
  size: 129227
  timestamp: 1710808383964
- kind: conda
  name: gcc
  version: 13.2.0
  build: hc7bed06_7
  build_number: 7
  subdir: linux-64
  url: https://conda.anaconda.org/conda-forge/linux-64/gcc-13.2.0-hc7bed06_7.conda
  sha256: 258f3a5fe54d5d5dd1e71e8696739906c37ef98ba28ce6191ccc64dfcbd3b100
  md5: 29a8e0b141d247442f797c9b8660c262
  depends:
  - gcc_impl_linux-64 13.2.0.*
  license: BSD-3-Clause
  size: 26010
  timestamp: 1715016288637
- kind: conda
  name: gcc_impl_linux-64
  version: 13.2.0
  build: h9eb54c0_7
  build_number: 7
  subdir: linux-64
  url: https://conda.anaconda.org/conda-forge/linux-64/gcc_impl_linux-64-13.2.0-h9eb54c0_7.conda
  sha256: bf4ae27cfbc589b1fc3b7e886df74407cdc18383e9774ca77c8bc78c4fc18d97
  md5: 57f0fcb5d432d5f98be5705e2bf65352
  depends:
  - binutils_impl_linux-64 >=2.40
  - libgcc-devel_linux-64 13.2.0 hceb6213_107
  - libgcc-ng >=13.2.0
  - libgomp >=13.2.0
  - libsanitizer 13.2.0 h6ddb7a1_7
  - libstdcxx-ng >=13.2.0
  - sysroot_linux-64
  license: GPL-3.0-only WITH GCC-exception-3.1
  size: 53394247
  timestamp: 1715016184154
- kind: conda
  name: gcc_linux-64
  version: 13.2.0
  build: h1ed452b_3
  build_number: 3
  subdir: linux-64
  url: https://conda.anaconda.org/conda-forge/linux-64/gcc_linux-64-13.2.0-h1ed452b_3.conda
  sha256: 00e99542a7a86ed4d79f19b5f40b99870898663cd1ff0cfa27f83a0b4ff8c7e8
  md5: 0aba5ba9908f419076c59e99ad30e6ee
  depends:
  - binutils_linux-64 2.40 hdade7a5_3
  - gcc_impl_linux-64 13.2.0.*
  - sysroot_linux-64
  license: BSD-3-Clause
  license_family: BSD
  size: 30745
  timestamp: 1710260218568
- kind: conda
  name: gfortran
  version: 13.2.0
  build: hc7bed06_7
  build_number: 7
  subdir: linux-64
  url: https://conda.anaconda.org/conda-forge/linux-64/gfortran-13.2.0-hc7bed06_7.conda
  sha256: 5558393498d846fd71aaf471755d69cb1ddfb7df3f0486609b5378123f963cde
  md5: 39bf1c5c4a352bf19b12faa136edb2b8
  depends:
  - gcc 13.2.0.*
  - gcc_impl_linux-64 13.2.0.*
  - gfortran_impl_linux-64 13.2.0.*
  license: BSD-3-Clause
  size: 25492
  timestamp: 1715016462901
- kind: conda
  name: gfortran_impl_linux-64
  version: 13.2.0
  build: h738fc78_7
  build_number: 7
  subdir: linux-64
  url: https://conda.anaconda.org/conda-forge/linux-64/gfortran_impl_linux-64-13.2.0-h738fc78_7.conda
  sha256: 161564afbb277cc6f89068435f0ce24a95cd1004ce082865f10d2cff19a1bcd2
  md5: 0a9c20316a67fbfee9d5778ed0aff24d
  depends:
  - gcc_impl_linux-64 >=13.2.0
  - libgcc-ng >=13.2.0
  - libgcc-ng >=4.9
  - libgfortran5 >=13.2.0
  - libstdcxx-ng >=4.9
  - sysroot_linux-64
  license: GPL-3.0-only WITH GCC-exception-3.1
  size: 15848600
  timestamp: 1715016368262
- kind: conda
  name: gxx_impl_linux-64
  version: 13.2.0
  build: h2a599c4_7
  build_number: 7
  subdir: linux-64
  url: https://conda.anaconda.org/conda-forge/linux-64/gxx_impl_linux-64-13.2.0-h2a599c4_7.conda
  sha256: 8ec4ce01cdd24234d668c5c8c30618986c3ec998ad709c003fd518d2ed45d9bf
  md5: 2ac5f82e4fd21f968b370e54bb839a4e
  depends:
  - gcc_impl_linux-64 13.2.0 h9eb54c0_7
  - libstdcxx-devel_linux-64 13.2.0 hceb6213_107
  - sysroot_linux-64
  license: GPL-3.0-only WITH GCC-exception-3.1
  size: 13184986
  timestamp: 1715016432669
- kind: conda
  name: gxx_linux-64
  version: 13.2.0
  build: he8deefe_3
  build_number: 3
  subdir: linux-64
  url: https://conda.anaconda.org/conda-forge/linux-64/gxx_linux-64-13.2.0-he8deefe_3.conda
  sha256: fa371aa3be10ced94d4837c2264b8c947be79862b4c58baa81e02bbfc77d7160
  md5: 875973f74a462d3fc53b0ac84e218d36
  depends:
  - binutils_linux-64 2.40 hdade7a5_3
  - gcc_linux-64 13.2.0 h1ed452b_3
  - gxx_impl_linux-64 13.2.0.*
  - sysroot_linux-64
  license: BSD-3-Clause
  license_family: BSD
  size: 29121
  timestamp: 1710260301555
- kind: conda
  name: importlib-metadata
  version: 7.1.0
  build: pyha770c72_0
  subdir: noarch
  noarch: python
  url: https://conda.anaconda.org/conda-forge/noarch/importlib-metadata-7.1.0-pyha770c72_0.conda
  sha256: cc2e7d1f7f01cede30feafc1118b7aefa244d0a12224513734e24165ae12ba49
  md5: 0896606848b2dc5cebdf111b6543aa04
  depends:
  - python >=3.8
  - zipp >=0.5
  license: Apache-2.0
  license_family: APACHE
  purls:
  - pkg:pypi/importlib-metadata
  size: 27043
  timestamp: 1710971498183
- kind: conda
  name: importlib_metadata
  version: 7.1.0
  build: hd8ed1ab_0
  subdir: noarch
  noarch: generic
  url: https://conda.anaconda.org/conda-forge/noarch/importlib_metadata-7.1.0-hd8ed1ab_0.conda
  sha256: 01dc057a45dedcc742a71599f67c7383ae2bf873be6018ebcbd06ac8d994dedb
  md5: 6ef2b72d291b39e479d7694efa2b2b98
  depends:
  - importlib-metadata >=7.1.0,<7.1.1.0a0
  license: Apache-2.0
  license_family: APACHE
  size: 9444
  timestamp: 1710971502542
- kind: conda
  name: kernel-headers_linux-64
  version: 2.6.32
  build: he073ed8_17
  build_number: 17
  subdir: noarch
  noarch: generic
  url: https://conda.anaconda.org/conda-forge/noarch/kernel-headers_linux-64-2.6.32-he073ed8_17.conda
  sha256: fb39d64b48f3d9d1acc3df208911a41f25b6a00bd54935d5973b4739a9edd5b6
  md5: d731b543793afc0433c4fd593e693fce
  constrains:
  - sysroot_linux-64 ==2.12
  license: LGPL-2.0-or-later AND LGPL-2.0-or-later WITH exceptions AND GPL-2.0-or-later AND MPL-2.0
  license_family: GPL
  size: 710627
  timestamp: 1708000830116
- kind: conda
  name: keyutils
  version: 1.6.1
  build: h166bdaf_0
  subdir: linux-64
  url: https://conda.anaconda.org/conda-forge/linux-64/keyutils-1.6.1-h166bdaf_0.tar.bz2
  sha256: 150c05a6e538610ca7c43beb3a40d65c90537497a4f6a5f4d15ec0451b6f5ebb
  md5: 30186d27e2c9fa62b45fb1476b7200e3
  depends:
  - libgcc-ng >=10.3.0
  license: LGPL-2.1-or-later
  size: 117831
  timestamp: 1646151697040
- kind: conda
  name: krb5
  version: 1.21.2
  build: h659d440_0
  subdir: linux-64
  url: https://conda.anaconda.org/conda-forge/linux-64/krb5-1.21.2-h659d440_0.conda
  sha256: 259bfaae731989b252b7d2228c1330ef91b641c9d68ff87dae02cbae682cb3e4
  md5: cd95826dbd331ed1be26bdf401432844
  depends:
  - keyutils >=1.6.1,<2.0a0
  - libedit >=3.1.20191231,<3.2.0a0
  - libedit >=3.1.20191231,<4.0a0
  - libgcc-ng >=12
  - libstdcxx-ng >=12
  - openssl >=3.1.2,<4.0a0
  license: MIT
  license_family: MIT
  size: 1371181
  timestamp: 1692097755782
- kind: conda
  name: ld_impl_linux-64
  version: '2.40'
  build: h55db66e_0
  subdir: linux-64
  url: https://conda.anaconda.org/conda-forge/linux-64/ld_impl_linux-64-2.40-h55db66e_0.conda
  sha256: ef969eee228cfb71e55146eaecc6af065f468cb0bc0a5239bc053b39db0b5f09
  md5: 10569984e7db886e4f1abc2b47ad79a1
  constrains:
  - binutils_impl_linux-64 2.40
  license: GPL-3.0-only
  license_family: GPL
  size: 713322
  timestamp: 1713651222435
- kind: conda
  name: libblas
  version: 3.9.0
  build: 22_linux64_openblas
  build_number: 22
  subdir: linux-64
  url: https://conda.anaconda.org/conda-forge/linux-64/libblas-3.9.0-22_linux64_openblas.conda
  sha256: 082b8ac20d43a7bbcdc28b3b1cd40e4df3a8b5daf0a2d23d68953a44d2d12c1b
  md5: 1a2a0cd3153464fee6646f3dd6dad9b8
  depends:
  - libopenblas >=0.3.27,<0.3.28.0a0
  - libopenblas >=0.3.27,<1.0a0
  constrains:
  - libcblas 3.9.0 22_linux64_openblas
  - blas * openblas
  - liblapacke 3.9.0 22_linux64_openblas
  - liblapack 3.9.0 22_linux64_openblas
  license: BSD-3-Clause
  license_family: BSD
  size: 14537
  timestamp: 1712542250081
- kind: conda
  name: libcblas
  version: 3.9.0
  build: 22_linux64_openblas
  build_number: 22
  subdir: linux-64
  url: https://conda.anaconda.org/conda-forge/linux-64/libcblas-3.9.0-22_linux64_openblas.conda
  sha256: da1b2faa017663c8f5555c1c5518e96ac4cd8e0be2a673c1c9e2cb8507c8fe46
  md5: 4b31699e0ec5de64d5896e580389c9a1
  depends:
  - libblas 3.9.0 22_linux64_openblas
  constrains:
  - liblapack 3.9.0 22_linux64_openblas
  - blas * openblas
  - liblapacke 3.9.0 22_linux64_openblas
  license: BSD-3-Clause
  license_family: BSD
  size: 14438
  timestamp: 1712542270166
- kind: conda
  name: libcurl
  version: 8.7.1
  build: hca28451_0
  subdir: linux-64
  url: https://conda.anaconda.org/conda-forge/linux-64/libcurl-8.7.1-hca28451_0.conda
  sha256: 82a75e9a5d9ee5b2f487d850ec5d4edc18a56eb9527608a95a916c40baae3843
  md5: 755c7f876815003337d2c61ff5d047e5
  depends:
  - krb5 >=1.21.2,<1.22.0a0
  - libgcc-ng >=12
  - libnghttp2 >=1.58.0,<2.0a0
  - libssh2 >=1.11.0,<2.0a0
  - libzlib >=1.2.13,<1.3.0a0
  - openssl >=3.2.1,<4.0a0
  - zstd >=1.5.5,<1.6.0a0
  license: curl
  license_family: MIT
  size: 398293
  timestamp: 1711548114077
- kind: conda
  name: libedit
  version: 3.1.20191231
  build: he28a2e2_2
  build_number: 2
  subdir: linux-64
  url: https://conda.anaconda.org/conda-forge/linux-64/libedit-3.1.20191231-he28a2e2_2.tar.bz2
  sha256: a57d37c236d8f7c886e01656f4949d9dcca131d2a0728609c6f7fa338b65f1cf
  md5: 4d331e44109e3f0e19b4cb8f9b82f3e1
  depends:
  - libgcc-ng >=7.5.0
  - ncurses >=6.2,<7.0.0a0
  license: BSD-2-Clause
  license_family: BSD
  size: 123878
  timestamp: 1597616541093
- kind: conda
  name: libev
  version: '4.33'
  build: hd590300_2
  build_number: 2
  subdir: linux-64
  url: https://conda.anaconda.org/conda-forge/linux-64/libev-4.33-hd590300_2.conda
  sha256: 1cd6048169fa0395af74ed5d8f1716e22c19a81a8a36f934c110ca3ad4dd27b4
  md5: 172bf1cd1ff8629f2b1179945ed45055
  depends:
  - libgcc-ng >=12
  license: BSD-2-Clause
  license_family: BSD
  size: 112766
  timestamp: 1702146165126
- kind: conda
  name: libexpat
  version: 2.6.2
  build: h59595ed_0
  subdir: linux-64
  url: https://conda.anaconda.org/conda-forge/linux-64/libexpat-2.6.2-h59595ed_0.conda
  sha256: 331bb7c7c05025343ebd79f86ae612b9e1e74d2687b8f3179faec234f986ce19
  md5: e7ba12deb7020dd080c6c70e7b6f6a3d
  depends:
  - libgcc-ng >=12
  constrains:
  - expat 2.6.2.*
  license: MIT
  license_family: MIT
  size: 73730
  timestamp: 1710362120304
- kind: conda
  name: libffi
  version: 3.4.2
  build: h7f98852_5
  build_number: 5
  subdir: linux-64
  url: https://conda.anaconda.org/conda-forge/linux-64/libffi-3.4.2-h7f98852_5.tar.bz2
  sha256: ab6e9856c21709b7b517e940ae7028ae0737546122f83c2aa5d692860c3b149e
  md5: d645c6d2ac96843a2bfaccd2d62b3ac3
  depends:
  - libgcc-ng >=9.4.0
  license: MIT
  license_family: MIT
  size: 58292
  timestamp: 1636488182923
- kind: conda
  name: libgcc-devel_linux-64
  version: 13.2.0
  build: hceb6213_107
  build_number: 107
  subdir: noarch
  noarch: generic
  url: https://conda.anaconda.org/conda-forge/noarch/libgcc-devel_linux-64-13.2.0-hceb6213_107.conda
  sha256: c84706d3195d3c333d7b996c53256e65d4a7ccdb9b7bf3c4e303442cbd30ec11
  md5: 2cc37ba482c6321237ce72329e1aaea2
  license: GPL-3.0-only WITH GCC-exception-3.1
  size: 2582607
  timestamp: 1715015947593
- kind: conda
  name: libgcc-ng
  version: 13.2.0
  build: h77fa898_7
  build_number: 7
  subdir: linux-64
  url: https://conda.anaconda.org/conda-forge/linux-64/libgcc-ng-13.2.0-h77fa898_7.conda
  sha256: 62af2b89acbe74a21606c8410c276e57309c0a2ab8a9e8639e3c8131c0b60c92
  md5: 72ec1b1b04c4d15d4204ece1ecea5978
  depends:
  - _libgcc_mutex 0.1 conda_forge
  - _openmp_mutex >=4.5
  constrains:
  - libgomp 13.2.0 h77fa898_7
  license: GPL-3.0-only WITH GCC-exception-3.1
  size: 775806
  timestamp: 1715016057793
- kind: conda
  name: libgfortran-ng
  version: 13.2.0
  build: h69a702a_7
  build_number: 7
  subdir: linux-64
  url: https://conda.anaconda.org/conda-forge/linux-64/libgfortran-ng-13.2.0-h69a702a_7.conda
  sha256: a588e69f96b8e0983a8cdfdbf1dc75eb48189f5420ec71150c8d8cdc0a811a9b
  md5: 1b84f26d9f4f6026e179e7805d5a15cd
  depends:
  - libgfortran5 13.2.0 hca663fb_7
  license: GPL-3.0-only WITH GCC-exception-3.1
  size: 24314
  timestamp: 1715016272844
- kind: conda
  name: libgfortran5
  version: 13.2.0
  build: hca663fb_7
  build_number: 7
  subdir: linux-64
  url: https://conda.anaconda.org/conda-forge/linux-64/libgfortran5-13.2.0-hca663fb_7.conda
  sha256: 754ab038115edce550fdccdc9ddf7dead2fa8346b8cdd4428c59ae1e83293978
  md5: c0bd771f09a326fdcd95a60b617795bf
  depends:
  - libgcc-ng >=13.2.0
  constrains:
  - libgfortran-ng 13.2.0
  license: GPL-3.0-only WITH GCC-exception-3.1
  size: 1441361
  timestamp: 1715016068766
- kind: conda
  name: libgomp
  version: 13.2.0
  build: h77fa898_7
  build_number: 7
  subdir: linux-64
  url: https://conda.anaconda.org/conda-forge/linux-64/libgomp-13.2.0-h77fa898_7.conda
  sha256: 781444fa069d3b50e8ed667b750571cacda785761c7fc2a89ece1ac49693d4ad
  md5: abf3fec87c2563697defa759dec3d639
  depends:
  - _libgcc_mutex 0.1 conda_forge
  license: GPL-3.0-only WITH GCC-exception-3.1
  size: 422336
  timestamp: 1715015995979
- kind: conda
  name: liblapack
  version: 3.9.0
  build: 22_linux64_openblas
  build_number: 22
  subdir: linux-64
  url: https://conda.anaconda.org/conda-forge/linux-64/liblapack-3.9.0-22_linux64_openblas.conda
  sha256: db246341d42f9100d45adeb1a7ba8b1ef5b51ceb9056fd643e98046a3259fde6
  md5: b083767b6c877e24ee597d93b87ab838
  depends:
  - libblas 3.9.0 22_linux64_openblas
  constrains:
  - libcblas 3.9.0 22_linux64_openblas
  - blas * openblas
  - liblapacke 3.9.0 22_linux64_openblas
  license: BSD-3-Clause
  license_family: BSD
  size: 14471
  timestamp: 1712542277696
- kind: conda
  name: libnghttp2
  version: 1.58.0
  build: h47da74e_1
  build_number: 1
  subdir: linux-64
  url: https://conda.anaconda.org/conda-forge/linux-64/libnghttp2-1.58.0-h47da74e_1.conda
  sha256: 1910c5306c6aa5bcbd623c3c930c440e9c77a5a019008e1487810e3c1d3716cb
  md5: 700ac6ea6d53d5510591c4344d5c989a
  depends:
  - c-ares >=1.23.0,<2.0a0
  - libev >=4.33,<4.34.0a0
  - libev >=4.33,<5.0a0
  - libgcc-ng >=12
  - libstdcxx-ng >=12
  - libzlib >=1.2.13,<1.3.0a0
  - openssl >=3.2.0,<4.0a0
  license: MIT
  license_family: MIT
  size: 631936
  timestamp: 1702130036271
- kind: conda
  name: libnsl
  version: 2.0.1
  build: hd590300_0
  subdir: linux-64
  url: https://conda.anaconda.org/conda-forge/linux-64/libnsl-2.0.1-hd590300_0.conda
  sha256: 26d77a3bb4dceeedc2a41bd688564fe71bf2d149fdcf117049970bc02ff1add6
  md5: 30fd6e37fe21f86f4bd26d6ee73eeec7
  depends:
  - libgcc-ng >=12
  license: LGPL-2.1-only
  license_family: GPL
  size: 33408
  timestamp: 1697359010159
- kind: conda
  name: libopenblas
  version: 0.3.27
  build: pthreads_h413a1c8_0
  subdir: linux-64
  url: https://conda.anaconda.org/conda-forge/linux-64/libopenblas-0.3.27-pthreads_h413a1c8_0.conda
  sha256: 2ae7559aed0705deb3f716c7b247c74fd1b5e35b64e39834ce8b95f7564d4a3e
  md5: a356024784da6dfd4683dc5ecf45b155
  depends:
  - libgcc-ng >=12
  - libgfortran-ng
  - libgfortran5 >=12.3.0
  constrains:
  - openblas >=0.3.27,<0.3.28.0a0
  license: BSD-3-Clause
  license_family: BSD
  size: 5598747
  timestamp: 1712364444346
- kind: conda
  name: libsanitizer
  version: 13.2.0
  build: h6ddb7a1_7
  build_number: 7
  subdir: linux-64
  url: https://conda.anaconda.org/conda-forge/linux-64/libsanitizer-13.2.0-h6ddb7a1_7.conda
  sha256: b06b44b7646976ae62fc235b59a2845a4f7d3f76e86d33d6cca5da9fc9e8b225
  md5: ecba88d2296bf40186a9dc65bdf7b621
  depends:
  - libgcc-ng >=13.2.0
  license: GPL-3.0-only WITH GCC-exception-3.1
  size: 4140177
  timestamp: 1715016081563
- kind: conda
  name: libsqlite
  version: 3.45.3
  build: h2797004_0
  subdir: linux-64
  url: https://conda.anaconda.org/conda-forge/linux-64/libsqlite-3.45.3-h2797004_0.conda
  sha256: e2273d6860eadcf714a759ffb6dc24a69cfd01f2a0ea9d6c20f86049b9334e0c
  md5: b3316cbe90249da4f8e84cd66e1cc55b
  depends:
  - libgcc-ng >=12
  - libzlib >=1.2.13,<1.3.0a0
  license: Unlicense
  size: 859858
  timestamp: 1713367435849
- kind: conda
  name: libssh2
  version: 1.11.0
  build: h0841786_0
  subdir: linux-64
  url: https://conda.anaconda.org/conda-forge/linux-64/libssh2-1.11.0-h0841786_0.conda
  sha256: 50e47fd9c4f7bf841a11647ae7486f65220cfc988ec422a4475fe8d5a823824d
  md5: 1f5a58e686b13bcfde88b93f547d23fe
  depends:
  - libgcc-ng >=12
  - libzlib >=1.2.13,<1.3.0a0
  - openssl >=3.1.1,<4.0a0
  license: BSD-3-Clause
  license_family: BSD
  size: 271133
  timestamp: 1685837707056
- kind: conda
  name: libstdcxx-devel_linux-64
  version: 13.2.0
  build: hceb6213_107
  build_number: 107
  subdir: noarch
  noarch: generic
  url: https://conda.anaconda.org/conda-forge/noarch/libstdcxx-devel_linux-64-13.2.0-hceb6213_107.conda
  sha256: a021fe1572a79cb1c2d5eca20eed801add6d42c11dc6ccdc9c949909d2fa4d4d
  md5: 2b409e9645fb3d69115d04496d1219cc
  license: GPL-3.0-only WITH GCC-exception-3.1
  size: 13067906
  timestamp: 1715016010375
- kind: conda
  name: libstdcxx-ng
  version: 13.2.0
  build: hc0a3c3a_7
  build_number: 7
  subdir: linux-64
  url: https://conda.anaconda.org/conda-forge/linux-64/libstdcxx-ng-13.2.0-hc0a3c3a_7.conda
  sha256: 35f1e08be0a84810c9075f5bd008495ac94e6c5fe306dfe4b34546f11fed850f
  md5: 53ebd4c833fa01cb2c6353e99f905406
  license: GPL-3.0-only WITH GCC-exception-3.1
  size: 3837704
  timestamp: 1715016117360
- kind: conda
  name: libuuid
  version: 2.38.1
  build: h0b41bf4_0
  subdir: linux-64
  url: https://conda.anaconda.org/conda-forge/linux-64/libuuid-2.38.1-h0b41bf4_0.conda
  sha256: 787eb542f055a2b3de553614b25f09eefb0a0931b0c87dbcce6efdfd92f04f18
  md5: 40b61aab5c7ba9ff276c41cfffe6b80b
  depends:
  - libgcc-ng >=12
  license: BSD-3-Clause
  license_family: BSD
  size: 33601
  timestamp: 1680112270483
- kind: conda
  name: libuv
  version: 1.48.0
  build: hd590300_0
  subdir: linux-64
  url: https://conda.anaconda.org/conda-forge/linux-64/libuv-1.48.0-hd590300_0.conda
  sha256: b7c0e8a0c93c2621be7645b37123d4e8d27e8a974da26a3fba47a9c37711aa7f
  md5: 7e8b914b1062dd4386e3de4d82a3ead6
  depends:
  - libgcc-ng >=12
  license: MIT
  license_family: MIT
  size: 899979
  timestamp: 1709913354710
- kind: conda
  name: libxcrypt
  version: 4.4.36
  build: hd590300_1
  build_number: 1
  subdir: linux-64
  url: https://conda.anaconda.org/conda-forge/linux-64/libxcrypt-4.4.36-hd590300_1.conda
  sha256: 6ae68e0b86423ef188196fff6207ed0c8195dd84273cb5623b85aa08033a410c
  md5: 5aa797f8787fe7a17d1b0821485b5adc
  depends:
  - libgcc-ng >=12
  license: LGPL-2.1-or-later
  size: 100393
  timestamp: 1702724383534
- kind: conda
  name: libzlib
  version: 1.2.13
  build: hd590300_5
  build_number: 5
  subdir: linux-64
  url: https://conda.anaconda.org/conda-forge/linux-64/libzlib-1.2.13-hd590300_5.conda
  sha256: 370c7c5893b737596fd6ca0d9190c9715d89d888b8c88537ae1ef168c25e82e4
  md5: f36c115f1ee199da648e0597ec2047ad
  depends:
  - libgcc-ng >=12
  constrains:
  - zlib 1.2.13 *_5
  license: Zlib
  license_family: Other
  size: 61588
  timestamp: 1686575217516
- kind: conda
  name: m4
  version: 1.4.18
  build: h516909a_1001
  build_number: 1001
  subdir: linux-64
  url: https://conda.anaconda.org/conda-forge/linux-64/m4-1.4.18-h516909a_1001.tar.bz2
  sha256: b8e37b92caab5a64a9e344f3d497b9d3e215d1e6211f6dc7c51b70799aab1da1
  md5: 4abb931c0d08a41583fc637c663e45e2
  depends:
  - libgcc-ng >=7.5.0
  license: GPL-3.0
  size: 176215
  timestamp: 1599682174542
- kind: conda
  name: make
  version: '4.3'
  build: hd18ef5c_1
  build_number: 1
  subdir: linux-64
  url: https://conda.anaconda.org/conda-forge/linux-64/make-4.3-hd18ef5c_1.tar.bz2
  sha256: 4a5fe7c80bb0de0015328e2d3fc8db1736f528cb1fd53cd0d5527e24269a4f7c
  md5: 4049ebfd3190b580dffe76daed26155a
  depends:
  - libgcc-ng >=7.5.0
  license: GPL-3.0-or-later
  license_family: GPL
  size: 518896
  timestamp: 1602706451788
- kind: conda
  name: markdown-it-py
  version: 3.0.0
  build: pyhd8ed1ab_0
  subdir: noarch
  noarch: python
  url: https://conda.anaconda.org/conda-forge/noarch/markdown-it-py-3.0.0-pyhd8ed1ab_0.conda
  sha256: c041b0eaf7a6af3344d5dd452815cdc148d6284fec25a4fa3f4263b3a021e962
  md5: 93a8e71256479c62074356ef6ebf501b
  depends:
  - mdurl >=0.1,<1
  - python >=3.8
  license: MIT
  license_family: MIT
  purls:
  - pkg:pypi/markdown-it-py
  size: 64356
  timestamp: 1686175179621
- kind: conda
  name: mdurl
  version: 0.1.2
  build: pyhd8ed1ab_0
  subdir: noarch
  noarch: python
  url: https://conda.anaconda.org/conda-forge/noarch/mdurl-0.1.2-pyhd8ed1ab_0.conda
  sha256: 64073dfb6bb429d52fff30891877b48c7ec0f89625b1bf844905b66a81cce6e1
  md5: 776a8dd9e824f77abac30e6ef43a8f7a
  depends:
  - python >=3.6
  license: MIT
  license_family: MIT
  purls:
  - pkg:pypi/mdurl
  size: 14680
  timestamp: 1704317789138
- kind: conda
  name: ncurses
  version: 6.4.20240210
  build: h59595ed_0
  subdir: linux-64
  url: https://conda.anaconda.org/conda-forge/linux-64/ncurses-6.4.20240210-h59595ed_0.conda
  sha256: aa0f005b6727aac6507317ed490f0904430584fa8ca722657e7f0fb94741de81
  md5: 97da8860a0da5413c7c98a3b3838a645
  depends:
  - libgcc-ng >=12
  license: X11 AND BSD-3-Clause
  size: 895669
  timestamp: 1710866638986
- kind: conda
  name: numpy
  version: 1.26.4
  build: py311h64a7726_0
  subdir: linux-64
  url: https://conda.anaconda.org/conda-forge/linux-64/numpy-1.26.4-py311h64a7726_0.conda
  sha256: 3f4365e11b28e244c95ba8579942b0802761ba7bb31c026f50d1a9ea9c728149
  md5: a502d7aad449a1206efb366d6a12c52d
  depends:
  - libblas >=3.9.0,<4.0a0
  - libcblas >=3.9.0,<4.0a0
  - libgcc-ng >=12
  - liblapack >=3.9.0,<4.0a0
  - libstdcxx-ng >=12
  - python >=3.11,<3.12.0a0
  - python_abi 3.11.* *_cp311
  constrains:
  - numpy-base <0a0
  license: BSD-3-Clause
  license_family: BSD
  purls:
  - pkg:pypi/numpy
  size: 8065890
  timestamp: 1707225944355
- kind: conda
  name: openssl
  version: 3.3.0
  build: hd590300_0
  subdir: linux-64
  url: https://conda.anaconda.org/conda-forge/linux-64/openssl-3.3.0-hd590300_0.conda
  sha256: fdbf05e4db88c592366c90bb82e446edbe33c6e49e5130d51c580b2629c0b5d5
  md5: c0f3abb4a16477208bbd43a39bd56f18
  depends:
  - ca-certificates
  - libgcc-ng >=12
  constrains:
  - pyopenssl >=22.1
  license: Apache-2.0
  license_family: Apache
  size: 2895187
  timestamp: 1714466138265
- kind: conda
  name: packaging
  version: '24.0'
  build: pyhd8ed1ab_0
  subdir: noarch
  noarch: python
  url: https://conda.anaconda.org/conda-forge/noarch/packaging-24.0-pyhd8ed1ab_0.conda
  sha256: a390182d74c31dfd713c16db888c92c277feeb6d1fe96ff9d9c105f9564be48a
  md5: 248f521b64ce055e7feae3105e7abeb8
  depends:
  - python >=3.8
  license: Apache-2.0
  license_family: APACHE
  purls:
  - pkg:pypi/packaging
  size: 49832
  timestamp: 1710076089469
- kind: conda
  name: perl
  version: 5.32.1
  build: 7_hd590300_perl5
  build_number: 7
  subdir: linux-64
  url: https://conda.anaconda.org/conda-forge/linux-64/perl-5.32.1-7_hd590300_perl5.conda
  sha256: 9ec32b6936b0e37bcb0ed34f22ec3116e75b3c0964f9f50ecea5f58734ed6ce9
  md5: f2cfec9406850991f4e3d960cc9e3321
  depends:
  - libgcc-ng >=12
  - libxcrypt >=4.4.36
  license: GPL-1.0-or-later OR Artistic-1.0-Perl
  size: 13344463
  timestamp: 1703310653947
- kind: conda
  name: pygments
  version: 2.18.0
  build: pyhd8ed1ab_0
  subdir: noarch
  noarch: python
  url: https://conda.anaconda.org/conda-forge/noarch/pygments-2.18.0-pyhd8ed1ab_0.conda
  sha256: 78267adf4e76d0d64ea2ffab008c501156c108bb08fecb703816fb63e279780b
  md5: b7f5c092b8f9800150d998a71b76d5a1
  depends:
  - python >=3.8
  license: BSD-2-Clause
  license_family: BSD
  purls:
  - pkg:pypi/pygments
  size: 879295
  timestamp: 1714846885370
- kind: pypi
  name: pyslha
  version: 3.2.6
  url: https://files.pythonhosted.org/packages/b8/bd/4382ed07946bb0e59738fc9a7b19de415b2c28f6fd94183d56b7d9e16d00/pyslha-3.2.6.tar.gz
  sha256: 262a604c244db31a07362933001dedc24dd510e803785f9536e8d983ee66e75d
  requires_dist:
  - tex2pix>=0.1.5
- kind: conda
  name: python
  version: 3.11.9
  build: hb806964_0_cpython
  subdir: linux-64
  url: https://conda.anaconda.org/conda-forge/linux-64/python-3.11.9-hb806964_0_cpython.conda
  sha256: 177f33a1fb8d3476b38f73c37b42f01c0b014fa0e039a701fd9f83d83aae6d40
  md5: ac68acfa8b558ed406c75e98d3428d7b
  depends:
  - bzip2 >=1.0.8,<2.0a0
  - ld_impl_linux-64 >=2.36.1
  - libexpat >=2.6.2,<3.0a0
  - libffi >=3.4,<4.0a0
  - libgcc-ng >=12
  - libnsl >=2.0.1,<2.1.0a0
  - libsqlite >=3.45.3,<4.0a0
  - libuuid >=2.38.1,<3.0a0
  - libxcrypt >=4.4.36
  - libzlib >=1.2.13,<1.3.0a0
  - ncurses >=6.4.20240210,<7.0a0
  - openssl >=3.2.1,<4.0a0
  - readline >=8.2,<9.0a0
  - tk >=8.6.13,<8.7.0a0
  - tzdata
  - xz >=5.2.6,<6.0a0
  constrains:
  - python_abi 3.11.* *_cp311
  license: Python-2.0
  size: 30884494
  timestamp: 1713553104915
- kind: conda
  name: python-xxhash
  version: 3.4.1
  build: py311h459d7ec_0
  subdir: linux-64
  url: https://conda.anaconda.org/conda-forge/linux-64/python-xxhash-3.4.1-py311h459d7ec_0.conda
  sha256: 91293b2ca0f36ac580f2be4b9c0858cdaec52eff95473841231dcd044acd2e12
  md5: 60b5332b3989fda37884b92c7afd6a91
  depends:
  - libgcc-ng >=12
  - python >=3.11,<3.12.0a0
  - python_abi 3.11.* *_cp311
  - xxhash >=0.8.2,<0.8.3.0a0
  license: BSD-2-Clause
  license_family: BSD
  purls:
  - pkg:pypi/xxhash
  size: 23061
  timestamp: 1696486515680
- kind: conda
  name: python_abi
  version: '3.11'
  build: 4_cp311
  build_number: 4
  subdir: linux-64
  url: https://conda.anaconda.org/conda-forge/linux-64/python_abi-3.11-4_cp311.conda
  sha256: 0be3ac1bf852d64f553220c7e6457e9c047dfb7412da9d22fbaa67e60858b3cf
  md5: d786502c97404c94d7d58d258a445a65
  constrains:
  - python 3.11.* *_cpython
  license: BSD-3-Clause
  license_family: BSD
  size: 6385
  timestamp: 1695147338551
- kind: conda
  name: pyyaml
  version: 6.0.1
  build: py311h459d7ec_1
  build_number: 1
  subdir: linux-64
  url: https://conda.anaconda.org/conda-forge/linux-64/pyyaml-6.0.1-py311h459d7ec_1.conda
  sha256: 28729ef1ffa7f6f9dfd54345a47c7faac5d34296d66a2b9891fb147f4efe1348
  md5: 52719a74ad130de8fb5d047dc91f247a
  depends:
  - libgcc-ng >=12
  - python >=3.11,<3.12.0a0
  - python_abi 3.11.* *_cp311
  - yaml >=0.2.5,<0.3.0a0
  license: MIT
  license_family: MIT
  purls:
  - pkg:pypi/pyyaml
  size: 200626
  timestamp: 1695373818537
- kind: conda
  name: readline
  version: '8.2'
  build: h8228510_1
  build_number: 1
  subdir: linux-64
  url: https://conda.anaconda.org/conda-forge/linux-64/readline-8.2-h8228510_1.conda
  sha256: 5435cf39d039387fbdc977b0a762357ea909a7694d9528ab40f005e9208744d7
  md5: 47d31b792659ce70f470b5c82fdfb7a4
  depends:
  - libgcc-ng >=12
  - ncurses >=6.3,<7.0a0
  license: GPL-3.0-only
  license_family: GPL
  size: 281456
  timestamp: 1679532220005
- kind: conda
  name: rhash
  version: 1.4.4
  build: hd590300_0
  subdir: linux-64
  url: https://conda.anaconda.org/conda-forge/linux-64/rhash-1.4.4-hd590300_0.conda
  sha256: 12711d2d4a808a503c2e49b25d26ecb351435521e814c154e682dd2be71c2611
  md5: ec972a9a2925ac8d7a19eb9606561fff
  depends:
  - libgcc-ng >=12
  license: MIT
  license_family: MIT
  size: 185144
  timestamp: 1693455923632
- kind: conda
  name: rich
  version: 13.7.1
  build: pyhd8ed1ab_0
  subdir: noarch
  noarch: python
  url: https://conda.anaconda.org/conda-forge/noarch/rich-13.7.1-pyhd8ed1ab_0.conda
  sha256: 2b26d58aa59e46f933c3126367348651b0dab6e0bf88014e857415bb184a4667
  md5: ba445bf767ae6f0d959ff2b40c20912b
  depends:
  - markdown-it-py >=2.2.0
  - pygments >=2.13.0,<3.0.0
  - python >=3.7.0
  - typing_extensions >=4.0.0,<5.0.0
  license: MIT
  license_family: MIT
  purls:
  - pkg:pypi/rich
  size: 184347
  timestamp: 1709150578093
- kind: conda
  name: structlog
  version: 24.1.0
  build: pyhd8ed1ab_0
  subdir: noarch
  noarch: python
  url: https://conda.anaconda.org/conda-forge/noarch/structlog-24.1.0-pyhd8ed1ab_0.conda
  sha256: 1a37929882150a874f8cb687182a6241671f5ed2f0f23cf736f4974f84b3ee03
  md5: 0005ff6fd934e6382c766684215be501
  depends:
  - python >=3.7
  license: Apache-2.0 OR MIT
  purls:
  - pkg:pypi/structlog
  size: 54344
  timestamp: 1707769863904
- kind: conda
  name: sysroot_linux-64
  version: '2.12'
  build: he073ed8_17
  build_number: 17
  subdir: noarch
  noarch: generic
  url: https://conda.anaconda.org/conda-forge/noarch/sysroot_linux-64-2.12-he073ed8_17.conda
  sha256: b4e4d685e41cb36cfb16f0cb15d2c61f8f94f56fab38987a44eff95d8a673fb5
  md5: 595db67e32b276298ff3d94d07d47fbf
  depends:
  - kernel-headers_linux-64 2.6.32 he073ed8_17
  license: LGPL-2.0-or-later AND LGPL-2.0-or-later WITH exceptions AND GPL-2.0-or-later AND MPL-2.0
  license_family: GPL
  size: 15127123
  timestamp: 1708000843849
- kind: pypi
  name: tex2pix
  version: 0.3.1
  url: https://files.pythonhosted.org/packages/67/67/0b008d2bc93137701145ccb4745ff7c4026804eb6a030e8fab8ec058c43b/tex2pix-0.3.1.tar.gz
  sha256: d03c2b6b5ec0aa60c18e01282c6b8ffc2c74c7bbd647f00c6088192db18b16dc
- kind: conda
  name: tk
  version: 8.6.13
  build: noxft_h4845f30_101
  build_number: 101
  subdir: linux-64
  url: https://conda.anaconda.org/conda-forge/linux-64/tk-8.6.13-noxft_h4845f30_101.conda
  sha256: e0569c9caa68bf476bead1bed3d79650bb080b532c64a4af7d8ca286c08dea4e
  md5: d453b98d9c83e71da0741bb0ff4d76bc
  depends:
  - libgcc-ng >=12
  - libzlib >=1.2.13,<1.3.0a0
  license: TCL
  license_family: BSD
  size: 3318875
  timestamp: 1699202167581
- kind: conda
  name: typing_extensions
  version: 4.11.0
  build: pyha770c72_0
  subdir: noarch
  noarch: python
  url: https://conda.anaconda.org/conda-forge/noarch/typing_extensions-4.11.0-pyha770c72_0.conda
  sha256: a7e8714d14f854058e971a6ed44f18cc37cc685f98ddefb2e6b7899a0cc4d1a2
  md5: 6ef2fc37559256cf682d8b3375e89b80
  depends:
  - python >=3.8
  license: PSF-2.0
  license_family: PSF
  purls:
  - pkg:pypi/typing-extensions
  size: 37583
  timestamp: 1712330089194
- kind: conda
  name: tzdata
  version: 2024a
  build: h0c530f3_0
  subdir: noarch
  noarch: generic
  url: https://conda.anaconda.org/conda-forge/noarch/tzdata-2024a-h0c530f3_0.conda
  sha256: 7b2b69c54ec62a243eb6fba2391b5e443421608c3ae5dbff938ad33ca8db5122
  md5: 161081fc7cec0bfda0d86d7cb595f8d8
  license: LicenseRef-Public-Domain
  size: 119815
  timestamp: 1706886945727
- kind: conda
  name: uproot
  version: 5.3.4
  build: ha770c72_0
  subdir: noarch
  noarch: python
  url: https://conda.anaconda.org/conda-forge/noarch/uproot-5.3.4-ha770c72_0.conda
  sha256: 7bbcaf66aea633a35a467b9c6614b57e584f5e9c3dd86ce57ed390f1431a3435
  md5: fe13f10b2f5ad393bc503fd30319e413
  depends:
  - python-xxhash
  - uproot-base 5.3.4 pyhd8ed1ab_0
  license: BSD-3-Clause
  size: 6868
  timestamp: 1714950891962
- kind: conda
  name: uproot-base
  version: 5.3.4
  build: pyhd8ed1ab_0
  subdir: noarch
  noarch: python
  url: https://conda.anaconda.org/conda-forge/noarch/uproot-base-5.3.4-pyhd8ed1ab_0.conda
  sha256: e118fc7f7bdba22cfec069523659eca06453994efea9e13a3df55016753a5cd9
  md5: 5e8470bb11ebe6fa6ae25102f15dbe58
  depends:
  - awkward >=2.4.6
  - cramjam >=2.5.0
  - fsspec
  - numpy
  - packaging
  - python >=3.8
  - typing_extensions >=4.1.0
  license: BSD-3-Clause
  purls:
  - pkg:pypi/uproot
  size: 235547
  timestamp: 1714950886045
- kind: conda
  name: which
  version: '2.21'
  build: h0b41bf4_1
  build_number: 1
  subdir: linux-64
  url: https://conda.anaconda.org/conda-forge/linux-64/which-2.21-h0b41bf4_1.conda
  sha256: e94d0d5f75a5f58165ad8ac64a25df851c77ec6e9bf626c16807dcbd740226c8
  md5: 76d6bc123c1c75bf034c412856fcc935
  depends:
  - libgcc-ng >=12
  license: GPL-3.0
  size: 32121
  timestamp: 1679668679701
- kind: conda
  name: xxhash
  version: 0.8.2
  build: hd590300_0
  subdir: linux-64
  url: https://conda.anaconda.org/conda-forge/linux-64/xxhash-0.8.2-hd590300_0.conda
  sha256: 6fe74a8fd84ab0dc25e4dc3e0c22388dd8accb212897a208b14fe5d4fbb8fc2f
  md5: f08fb5c89edfc4aadee1c81d4cfb1fa1
  depends:
  - libgcc-ng >=12
  license: BSD-2-Clause
  license_family: BSD
  size: 97691
  timestamp: 1689951608120
- kind: conda
  name: xz
  version: 5.2.6
  build: h166bdaf_0
  subdir: linux-64
  url: https://conda.anaconda.org/conda-forge/linux-64/xz-5.2.6-h166bdaf_0.tar.bz2
  sha256: 03a6d28ded42af8a347345f82f3eebdd6807a08526d47899a42d62d319609162
  md5: 2161070d867d1b1204ea749c8eec4ef0
  depends:
  - libgcc-ng >=12
  license: LGPL-2.1 and GPL-2.0
  size: 418368
  timestamp: 1660346797927
- kind: conda
  name: yaml
  version: 0.2.5
  build: h7f98852_2
  build_number: 2
  subdir: linux-64
  url: https://conda.anaconda.org/conda-forge/linux-64/yaml-0.2.5-h7f98852_2.tar.bz2
  sha256: a4e34c710eeb26945bdbdaba82d3d74f60a78f54a874ec10d373811a5d217535
  md5: 4cb3ad778ec2d5a7acbdf254eb1c42ae
  depends:
  - libgcc-ng >=9.4.0
  license: MIT
  license_family: MIT
  size: 89141
  timestamp: 1641346969816
- kind: conda
  name: zipp
  version: 3.17.0
  build: pyhd8ed1ab_0
  subdir: noarch
  noarch: python
  url: https://conda.anaconda.org/conda-forge/noarch/zipp-3.17.0-pyhd8ed1ab_0.conda
  sha256: bced1423fdbf77bca0a735187d05d9b9812d2163f60ab426fc10f11f92ecbe26
  md5: 2e4d6bc0b14e10f895fc6791a7d9b26a
  depends:
  - python >=3.8
  license: MIT
  license_family: MIT
  purls:
  - pkg:pypi/zipp
  size: 18954
  timestamp: 1695255262261
- kind: conda
  name: zstd
  version: 1.5.6
  build: ha6fb4c9_0
  subdir: linux-64
  url: https://conda.anaconda.org/conda-forge/linux-64/zstd-1.5.6-ha6fb4c9_0.conda
  sha256: c558b9cc01d9c1444031bd1ce4b9cff86f9085765f17627a6cd85fc623c8a02b
  md5: 4d056880988120e29d75bfff282e0f45
  depends:
  - libgcc-ng >=12
  - libstdcxx-ng >=12
  - libzlib >=1.2.13,<1.3.0a0
  license: BSD-3-Clause
  license_family: BSD
  size: 554846
  timestamp: 1714722996770
